<?xml version="1.0" encoding="utf-8"?>
<Project ToolsVersion="17.0" xmlns="http://schemas.microsoft.com/developer/msbuild/2003">
  <ItemGroup>
    <ClCompile Include="..\Classes\Map\MapUnit.cpp">
      <Filter>Source Files\Classes\Map</Filter>
    </ClCompile>
    <ClCompile Include="..\Classes\Map\SceneMap.cpp">
      <Filter>Source Files\Classes\Map</Filter>
    </ClCompile>
    <ClCompile Include="..\Classes\Scene\GameScene.cpp">
      <Filter>Source Files\Classes\Scene</Filter>
    </ClCompile>
    <ClCompile Include="..\Classes\Scene\Loading.cpp">
      <Filter>Source Files\Classes\Scene</Filter>
    </ClCompile>
    <ClCompile Include="..\Classes\Scene\Prison.cpp">
      <Filter>Source Files\Classes\Scene</Filter>
    </ClCompile>
    <ClCompile Include="..\Classes\Scene\StartMenu.cpp">
      <Filter>Source Files\Classes\Scene</Filter>
    </ClCompile>
    <ClCompile Include="..\Classes\People\Arrow.cpp">
      <Filter>Source Files\Classes\People</Filter>
    </ClCompile>
    <ClCompile Include="..\Classes\People\Bow.cpp">
      <Filter>Source Files\Classes\People</Filter>
    </ClCompile>
    <ClCompile Include="..\Classes\People\FlyingObject.cpp">
      <Filter>Source Files\Classes\People</Filter>
    </ClCompile>
    <ClCompile Include="..\Classes\People\Grenadier.cpp">
      <Filter>Source Files\Classes\People</Filter>
    </ClCompile>
    <ClCompile Include="..\Classes\People\Monster.cpp">
      <Filter>Source Files\Classes\People</Filter>
    </ClCompile>
    <ClCompile Include="..\Classes\People\MonsterLayer.cpp">
      <Filter>Source Files\Classes\People</Filter>
    </ClCompile>
    <ClCompile Include="..\Classes\People\Player.cpp">
      <Filter>Source Files\Classes\People</Filter>
    </ClCompile>
    <ClCompile Include="..\Classes\People\PlayerLayer.cpp">
      <Filter>Source Files\Classes\People</Filter>
    </ClCompile>
    <ClCompile Include="..\Classes\People\Shield.cpp">
      <Filter>Source Files\Classes\People</Filter>
    </ClCompile>
    <ClCompile Include="..\Classes\People\Sword.cpp">
      <Filter>Source Files\Classes\People</Filter>
    </ClCompile>
    <ClCompile Include="..\Classes\People\Weapon.cpp">
      <Filter>Source Files\Classes\People</Filter>
    </ClCompile>
    <ClCompile Include="..\Classes\People\Zombie.cpp">
      <Filter>Source Files\Classes\People</Filter>
    </ClCompile>
    <ClCompile Include="..\Classes\Res\strings.cpp">
      <Filter>Source Files\Classes\Res</Filter>
    </ClCompile>
    <ClCompile Include="..\Classes\AppDelegate.cpp">
      <Filter>Source Files\Classes</Filter>
    </ClCompile>
    <ClCompile Include="main.cpp">
      <Filter>proj.win32</Filter>
    </ClCompile>
    <ClCompile Include="D:\Code\Cocos2dx\DeadCells\cocos2d\cocos\precheader.cpp" />
    <ClCompile Include="..\Classes\People\Bomb.cpp">
      <Filter>Source Files\Classes\People</Filter>
    </ClCompile>
  </ItemGroup>
  <ItemGroup>
    <CustomBuild Include="D:\Code\Cocos2dx\DeadCells\CMakeLists.txt" />
  </ItemGroup>
  <ItemGroup>
    <Filter Include="Source Files">
      <UniqueIdentifier>{E45B0350-58CD-3C29-83FB-A47174B52D91}</UniqueIdentifier>
    </Filter>
    <Filter Include="Source Files\Classes">
      <UniqueIdentifier>{f787367c-f83b-4bf8-b2e1-9ce7a7aeda77}</UniqueIdentifier>
    </Filter>
    <Filter Include="Source Files\Classes\Res">
      <UniqueIdentifier>{98a2848b-3dba-42ac-bc21-965674c062df}</UniqueIdentifier>
    </Filter>
    <Filter Include="Source Files\Classes\People">
      <UniqueIdentifier>{848e414c-3b32-4ef0-bcca-68f78cc95d5d}</UniqueIdentifier>
    </Filter>
    <Filter Include="Source Files\Classes\Scene">
      <UniqueIdentifier>{91baa9f3-ae99-4033-8bbc-b21c8bdb3102}</UniqueIdentifier>
    </Filter>
    <Filter Include="Source Files\Classes\Map">
      <UniqueIdentifier>{42d364db-3aec-401f-9a34-e3c67656cdf9}</UniqueIdentifier>
    </Filter>
    <Filter Include="Resources">
      <UniqueIdentifier>{b333199e-2863-4530-bf73-d409e1958e72}</UniqueIdentifier>
    </Filter>
    <Filter Include="Resources\fonts">
      <UniqueIdentifier>{30f1d643-e497-4cea-9fd3-33c93446f966}</UniqueIdentifier>
    </Filter>
    <Filter Include="Resources\Graph">
      <UniqueIdentifier>{fdda3eaf-5779-4631-945c-7325f4bcbefe}</UniqueIdentifier>
    </Filter>
    <Filter Include="Resources\music">
      <UniqueIdentifier>{1235e08c-8031-4a3b-bf16-e24132703f85}</UniqueIdentifier>
    </Filter>
    <Filter Include="Resources\res">
      <UniqueIdentifier>{aac75072-793e-412e-8134-1339a7b56a8b}</UniqueIdentifier>
    </Filter>
    <Filter Include="Resources\room">
      <UniqueIdentifier>{e2d3f9a7-63f8-405c-82cf-dc303f00c4bf}</UniqueIdentifier>
    </Filter>
    <Filter Include="Resources\xml">
      <UniqueIdentifier>{b28f6fdc-bc99-4ac5-aced-6db981639dcd}</UniqueIdentifier>
    </Filter>
    <Filter Include="proj.win32">
      <UniqueIdentifier>{892cc9c9-4e8d-47ee-9f43-70af4dc15dac}</UniqueIdentifier>
    </Filter>
    <Filter Include="Resources\Graph\Grenadier">
      <UniqueIdentifier>{83b91887-eeb5-4d49-9ded-303652d65a67}</UniqueIdentifier>
    </Filter>
    <Filter Include="Resources\Graph\Loading">
      <UniqueIdentifier>{73a258e0-f153-48c1-a4f5-5e09ab5a5c24}</UniqueIdentifier>
    </Filter>
    <Filter Include="Resources\Graph\Player">
      <UniqueIdentifier>{2d577791-2117-4693-880e-c6d5fef60f63}</UniqueIdentifier>
    </Filter>
    <Filter Include="Resources\Graph\StartMenu">
      <UniqueIdentifier>{f857cb96-8a10-43de-9920-73b400df8902}</UniqueIdentifier>
    </Filter>
    <Filter Include="Resources\room\Prison">
      <UniqueIdentifier>{8c86b113-da80-4ba2-badc-8ac1bdc73d45}</UniqueIdentifier>
    </Filter>
  </ItemGroup>
  <ItemGroup>
    <ClInclude Include="..\Classes\Map\MapUnit.h">
      <Filter>Source Files\Classes\Map</Filter>
    </ClInclude>
    <ClInclude Include="..\Classes\Map\SceneMap.h">
      <Filter>Source Files\Classes\Map</Filter>
    </ClInclude>
    <ClInclude Include="..\Classes\Scene\GameScene.h">
      <Filter>Source Files\Classes\Scene</Filter>
    </ClInclude>
    <ClInclude Include="..\Classes\Scene\Loading.h">
      <Filter>Source Files\Classes\Scene</Filter>
    </ClInclude>
    <ClInclude Include="..\Classes\Scene\Prison.h">
      <Filter>Source Files\Classes\Scene</Filter>
    </ClInclude>
    <ClInclude Include="..\Classes\Scene\StartMenu.h">
      <Filter>Source Files\Classes\Scene</Filter>
    </ClInclude>
    <ClInclude Include="..\Classes\People\Arrow.h">
      <Filter>Source Files\Classes\People</Filter>
    </ClInclude>
    <ClInclude Include="..\Classes\People\Bow.h">
      <Filter>Source Files\Classes\People</Filter>
    </ClInclude>
    <ClInclude Include="..\Classes\People\FlyingObject.h">
      <Filter>Source Files\Classes\People</Filter>
    </ClInclude>
    <ClInclude Include="..\Classes\People\Grenadier.h">
      <Filter>Source Files\Classes\People</Filter>
    </ClInclude>
    <ClInclude Include="..\Classes\People\Monster.h">
      <Filter>Source Files\Classes\People</Filter>
    </ClInclude>
    <ClInclude Include="..\Classes\People\MonsterLayer.h">
      <Filter>Source Files\Classes\People</Filter>
    </ClInclude>
    <ClInclude Include="..\Classes\People\People.h">
      <Filter>Source Files\Classes\People</Filter>
    </ClInclude>
    <ClInclude Include="..\Classes\People\Player.h">
      <Filter>Source Files\Classes\People</Filter>
    </ClInclude>
    <ClInclude Include="..\Classes\People\PlayerLayer.h">
      <Filter>Source Files\Classes\People</Filter>
    </ClInclude>
    <ClInclude Include="..\Classes\People\Shield.h">
      <Filter>Source Files\Classes\People</Filter>
    </ClInclude>
    <ClInclude Include="..\Classes\People\Sword.h">
      <Filter>Source Files\Classes\People</Filter>
    </ClInclude>
    <ClInclude Include="..\Classes\People\Weapon.h">
      <Filter>Source Files\Classes\People</Filter>
    </ClInclude>
    <ClInclude Include="..\Classes\People\Zombie.h">
      <Filter>Source Files\Classes\People</Filter>
    </ClInclude>
    <ClInclude Include="..\Classes\Res\strings.h">
      <Filter>Source Files\Classes\Res</Filter>
    </ClInclude>
    <ClInclude Include="..\Classes\AppDelegate.h">
      <Filter>Source Files\Classes</Filter>
    </ClInclude>
    <ClInclude Include="main.h">
      <Filter>proj.win32</Filter>
    </ClInclude>
    <ClInclude Include="resource.h">
      <Filter>proj.win32</Filter>
    </ClInclude>
    <ClInclude Include="..\Classes\People\Bomb.h">
      <Filter>Source Files\Classes\People</Filter>
    </ClInclude>
  </ItemGroup>
  <ItemGroup>
    <Font Include="..\Resources\fonts\arial.ttf">
      <Filter>Resources\fonts</Filter>
    </Font>
    <Font Include="..\Resources\fonts\fusion-pixel.ttf">
      <Filter>Resources\fonts</Filter>
    </Font>
    <Font Include="..\Resources\fonts\Marker Felt.ttf">
      <Filter>Resources\fonts</Filter>
    </Font>
  </ItemGroup>
  <ItemGroup>
    <None Include="..\Resources\music\prisonstart_intro.ogg">
      <Filter>Resources\music</Filter>
    </None>
    <None Include="..\Resources\room\map_data.json">
      <Filter>Resources\room</Filter>
    </None>
    <None Include="..\Resources\room\Prison\BossBehemot.tmx">
      <Filter>Resources\room\Prison</Filter>
    </None>
    <None Include="..\Resources\room\Prison\BossBeholder.tmx">
      <Filter>Resources\room\Prison</Filter>
    </None>
    <None Include="..\Resources\room\Prison\BossBeholderExit.tmx">
      <Filter>Resources\room\Prison</Filter>
    </None>
    <None Include="..\Resources\room\Prison\BossTimeKeeper.tmx">
      <Filter>Resources\room\Prison</Filter>
    </None>
    <None Include="..\Resources\room\Prison\col.tsx">
      <Filter>Resources\room\Prison</Filter>
    </None>
    <None Include="..\Resources\room\Prison\CursedDoor.tmx">
      <Filter>Resources\room\Prison</Filter>
    </None>
    <None Include="..\Resources\room\Prison\GardenerCorridor.tmx">
      <Filter>Resources\room\Prison</Filter>
    </None>
    <None Include="..\Resources\room\Prison\GiantEscaped.tmx">
      <Filter>Resources\room\Prison</Filter>
    </None>
    <None Include="..\Resources\room\Prison\GiantEscapedEmpty.tmx">
      <Filter>Resources\room\Prison</Filter>
    </None>
    <None Include="..\Resources\room\Prison\GreenhouseEntrance.tmx">
      <Filter>Resources\room\Prison</Filter>
    </None>
    <None Include="..\Resources\room\Prison\GreenhouseEntranceOpen.tmx">
      <Filter>Resources\room\Prison</Filter>
    </None>
    <None Include="..\Resources\room\Prison\lnk.tsx">
      <Filter>Resources\room\Prison</Filter>
    </None>
    <None Include="..\Resources\room\Prison\main.py">
      <Filter>Resources\room\Prison</Filter>
    </None>
    <None Include="..\Resources\room\Prison\Pr1.tmx">
      <Filter>Resources\room\Prison</Filter>
    </None>
    <None Include="..\Resources\room\Prison\Pr2.tmx">
      <Filter>Resources\room\Prison</Filter>
    </None>
    <None Include="..\Resources\room\Prison\Pr3.tmx">
      <Filter>Resources\room\Prison</Filter>
    </None>
    <None Include="..\Resources\room\Prison\Pr4.tmx">
      <Filter>Resources\room\Prison</Filter>
    </None>
    <None Include="..\Resources\room\Prison\Pr5.tmx">
      <Filter>Resources\room\Prison</Filter>
    </None>
    <None Include="..\Resources\room\Prison\Pr6.tmx">
      <Filter>Resources\room\Prison</Filter>
    </None>
    <None Include="..\Resources\room\Prison\Pr7.tmx">
      <Filter>Resources\room\Prison</Filter>
    </None>
    <None Include="..\Resources\room\Prison\Pr8.tmx">
      <Filter>Resources\room\Prison</Filter>
    </None>
    <None Include="..\Resources\room\Prison\Pr9.tmx">
      <Filter>Resources\room\Prison</Filter>
    </None>
    <None Include="..\Resources\room\Prison\Pr10.tmx">
      <Filter>Resources\room\Prison</Filter>
    </None>
    <None Include="..\Resources\room\Prison\Pr11.tmx">
      <Filter>Resources\room\Prison</Filter>
    </None>
    <None Include="..\Resources\room\Prison\Pr12.tmx">
      <Filter>Resources\room\Prison</Filter>
    </None>
    <None Include="..\Resources\room\Prison\Pr13.tmx">
      <Filter>Resources\room\Prison</Filter>
    </None>
    <None Include="..\Resources\room\Prison\Pr14.tmx">
      <Filter>Resources\room\Prison</Filter>
    </None>
    <None Include="..\Resources\room\Prison\Pr15.tmx">
      <Filter>Resources\room\Prison</Filter>
    </None>
    <None Include="..\Resources\room\Prison\Pr16.tmx">
      <Filter>Resources\room\Prison</Filter>
    </None>
    <None Include="..\Resources\room\Prison\Pr17.tmx">
      <Filter>Resources\room\Prison</Filter>
    </None>
    <None Include="..\Resources\room\Prison\Pr18.tmx">
      <Filter>Resources\room\Prison</Filter>
    </None>
    <None Include="..\Resources\room\Prison\Pr19.tmx">
      <Filter>Resources\room\Prison</Filter>
    </None>
    <None Include="..\Resources\room\Prison\Pr20.tmx">
      <Filter>Resources\room\Prison</Filter>
    </None>
    <None Include="..\Resources\room\Prison\Pr21.tmx">
      <Filter>Resources\room\Prison</Filter>
    </None>
    <None Include="..\Resources\room\Prison\Pr22.tmx">
      <Filter>Resources\room\Prison</Filter>
    </None>
    <None Include="..\Resources\room\Prison\Pr23.tmx">
      <Filter>Resources\room\Prison</Filter>
    </None>
    <None Include="..\Resources\room\Prison\Pr24.tmx">
      <Filter>Resources\room\Prison</Filter>
    </None>
    <None Include="..\Resources\room\Prison\Pr25.tmx">
      <Filter>Resources\room\Prison</Filter>
    </None>
    <None Include="..\Resources\room\Prison\Pr26.tmx">
      <Filter>Resources\room\Prison</Filter>
    </None>
    <None Include="..\Resources\room\Prison\Pr27.tmx">
      <Filter>Resources\room\Prison</Filter>
    </None>
    <None Include="..\Resources\room\Prison\Pr28.tmx">
      <Filter>Resources\room\Prison</Filter>
    </None>
    <None Include="..\Resources\room\Prison\Pr29.tmx">
      <Filter>Resources\room\Prison</Filter>
    </None>
    <None Include="..\Resources\room\Prison\Pr30.tmx">
      <Filter>Resources\room\Prison</Filter>
    </None>
    <None Include="..\Resources\room\Prison\Pr31.tmx">
      <Filter>Resources\room\Prison</Filter>
    </None>
    <None Include="..\Resources\room\Prison\Pr32.tmx">
      <Filter>Resources\room\Prison</Filter>
    </None>
    <None Include="..\Resources\room\Prison\Pr33.tmx">
      <Filter>Resources\room\Prison</Filter>
    </None>
    <None Include="..\Resources\room\Prison\Pr34.tmx">
      <Filter>Resources\room\Prison</Filter>
    </None>
    <None Include="..\Resources\room\Prison\Pr35.tmx">
      <Filter>Resources\room\Prison</Filter>
    </None>
    <None Include="..\Resources\room\Prison\Pr36.tmx">
      <Filter>Resources\room\Prison</Filter>
    </None>
    <None Include="..\Resources\room\Prison\Pr37.tmx">
      <Filter>Resources\room\Prison</Filter>
    </None>
    <None Include="..\Resources\room\Prison\Pr38.tmx">
      <Filter>Resources\room\Prison</Filter>
    </None>
    <None Include="..\Resources\room\Prison\Pr39.tmx">
      <Filter>Resources\room\Prison</Filter>
    </None>
    <None Include="..\Resources\room\Prison\Pr40.tmx">
      <Filter>Resources\room\Prison</Filter>
    </None>
    <None Include="..\Resources\room\Prison\Pr41.tmx">
      <Filter>Resources\room\Prison</Filter>
    </None>
    <None Include="..\Resources\room\Prison\Pr42.tmx">
      <Filter>Resources\room\Prison</Filter>
    </None>
    <None Include="..\Resources\room\Prison\Pr43.tmx">
      <Filter>Resources\room\Prison</Filter>
    </None>
    <None Include="..\Resources\room\Prison\Pr44.tmx">
      <Filter>Resources\room\Prison</Filter>
    </None>
    <None Include="..\Resources\room\Prison\Pr45.tmx">
      <Filter>Resources\room\Prison</Filter>
    </None>
    <None Include="..\Resources\room\Prison\Pr46.tmx">
      <Filter>Resources\room\Prison</Filter>
    </None>
    <None Include="..\Resources\room\Prison\Pr47.tmx">
      <Filter>Resources\room\Prison</Filter>
    </None>
    <None Include="..\Resources\room\Prison\Pr48.tmx">
      <Filter>Resources\room\Prison</Filter>
    </None>
    <None Include="..\Resources\room\Prison\Pr49.tmx">
      <Filter>Resources\room\Prison</Filter>
    </None>
    <None Include="..\Resources\room\Prison\Pr50.tmx">
      <Filter>Resources\room\Prison</Filter>
    </None>
    <None Include="..\Resources\room\Prison\Pr51.tmx">
      <Filter>Resources\room\Prison</Filter>
    </None>
    <None Include="..\Resources\room\Prison\Pr52.tmx">
      <Filter>Resources\room\Prison</Filter>
    </None>
    <None Include="..\Resources\room\Prison\Pr53.tmx">
      <Filter>Resources\room\Prison</Filter>
    </None>
    <None Include="..\Resources\room\Prison\Pr54.tmx">
      <Filter>Resources\room\Prison</Filter>
    </None>
    <None Include="..\Resources\room\Prison\Pr55.tmx">
      <Filter>Resources\room\Prison</Filter>
    </None>
    <None Include="..\Resources\room\Prison\Pr56.tmx">
      <Filter>Resources\room\Prison</Filter>
    </None>
    <None Include="..\Resources\room\Prison\Pr57.tmx">
      <Filter>Resources\room\Prison</Filter>
    </None>
    <None Include="..\Resources\room\Prison\Pr58.tmx">
      <Filter>Resources\room\Prison</Filter>
    </None>
    <None Include="..\Resources\room\Prison\Pr59.tmx">
      <Filter>Resources\room\Prison</Filter>
    </None>
    <None Include="..\Resources\room\Prison\Pr60.tmx">
      <Filter>Resources\room\Prison</Filter>
    </None>
    <None Include="..\Resources\room\Prison\PrisonCorruptEntrance.tmx">
      <Filter>Resources\room\Prison</Filter>
    </None>
    <None Include="..\Resources\room\Prison\PrisonDepthsEndScroll.tmx">
      <Filter>Resources\room\Prison</Filter>
    </None>
    <None Include="..\Resources\room\Prison\PrisonDepthsEndTreasure.tmx">
      <Filter>Resources\room\Prison</Filter>
    </None>
    <None Include="..\Resources\room\Prison\PrisonDepthsEntrance.tmx">
      <Filter>Resources\room\Prison</Filter>
    </None>
    <None Include="..\Resources\room\Prison\PrisonDLCPTriggerBeforeGiantDoor.tmx">
      <Filter>Resources\room\Prison</Filter>
    </None>
    <None Include="..\Resources\room\Prison\PrisonElite.tmx">
      <Filter>Resources\room\Prison</Filter>
    </None>
    <None Include="..\Resources\room\Prison\PrisonExit.tmx">
      <Filter>Resources\room\Prison</Filter>
    </None>
    <None Include="..\Resources\room\Prison\PrisonFlaskRoom.tmx">
      <Filter>Resources\room\Prison</Filter>
    </None>
    <None Include="..\Resources\room\Prison\PrisonHubEntrance.tmx">
      <Filter>Resources\room\Prison</Filter>
    </None>
    <None Include="..\Resources\room\Prison\PrisonStart.tmx">
      <Filter>Resources\room\Prison</Filter>
    </None>
    <None Include="..\Resources\room\Prison\PrisonTrader.tmx">
      <Filter>Resources\room\Prison</Filter>
    </None>
    <None Include="..\Resources\room\Prison\PrisonTreasure.tmx">
      <Filter>Resources\room\Prison</Filter>
    </None>
    <None Include="..\Resources\room\Prison\PrisonTube1.tmx">
      <Filter>Resources\room\Prison</Filter>
    </None>
    <None Include="..\Resources\room\Prison\PrisonTube2.tmx">
      <Filter>Resources\room\Prison</Filter>
    </None>
    <None Include="..\Resources\room\Prison\PrisonTube2NoSkel.tmx">
      <Filter>Resources\room\Prison</Filter>
    </None>
    <None Include="..\Resources\room\Prison\PurpleCorridor.tmx">
      <Filter>Resources\room\Prison</Filter>
    </None>
    <None Include="..\Resources\res\.gitkeep">
      <Filter>Resources\res</Filter>
    </None>
    <None Include="..\Resources\objecttypes.json">
      <Filter>Resources</Filter>
    </None>
  </ItemGroup>
  <ItemGroup>
    <Image Include="..\Resources\room\Prison\col.png">
      <Filter>Resources\room\Prison</Filter>
    </Image>
    <Image Include="..\Resources\room\Prison\lnk.png">
      <Filter>Resources\room\Prison</Filter>
    </Image>
    <Image Include="..\Resources\Graph\Grenadier\atk_00-=-0-=-.png">
      <Filter>Resources\Graph\Grenadier</Filter>
    </Image>
    <Image Include="..\Resources\Graph\Grenadier\atk_01-=-0-=-.png">
      <Filter>Resources\Graph\Grenadier</Filter>
    </Image>
    <Image Include="..\Resources\Graph\Grenadier\atk_02-=-0-=-.png">
      <Filter>Resources\Graph\Grenadier</Filter>
    </Image>
    <Image Include="..\Resources\Graph\Grenadier\atk_03-=-0-=-.png">
      <Filter>Resources\Graph\Grenadier</Filter>
    </Image>
    <Image Include="..\Resources\Graph\Grenadier\atk_04-=-0-=-.png">
      <Filter>Resources\Graph\Grenadier</Filter>
    </Image>
    <Image Include="..\Resources\Graph\Grenadier\atk_05-=-0-=-.png">
      <Filter>Resources\Graph\Grenadier</Filter>
    </Image>
    <Image Include="..\Resources\Graph\Grenadier\atk_06-=-0-=-.png">
      <Filter>Resources\Graph\Grenadier</Filter>
    </Image>
    <Image Include="..\Resources\Graph\Grenadier\atk_07-=-0-=-.png">
      <Filter>Resources\Graph\Grenadier</Filter>
    </Image>
    <Image Include="..\Resources\Graph\Grenadier\atk_08-=-0-=-.png">
      <Filter>Resources\Graph\Grenadier</Filter>
    </Image>
    <Image Include="..\Resources\Graph\Grenadier\atk_09-=-0-=-.png">
      <Filter>Resources\Graph\Grenadier</Filter>
    </Image>
    <Image Include="..\Resources\Graph\Grenadier\atk_10-=-0-=-.png">
      <Filter>Resources\Graph\Grenadier</Filter>
    </Image>
    <Image Include="..\Resources\Graph\Grenadier\atk_11-=-0-=-.png">
      <Filter>Resources\Graph\Grenadier</Filter>
    </Image>
    <Image Include="..\Resources\Graph\Grenadier\atk_12-=-0-=-.png">
      <Filter>Resources\Graph\Grenadier</Filter>
    </Image>
    <Image Include="..\Resources\Graph\Grenadier\atk_13-=-0-=-.png">
      <Filter>Resources\Graph\Grenadier</Filter>
    </Image>
    <Image Include="..\Resources\Graph\Grenadier\atk_14-=-0-=-.png">
      <Filter>Resources\Graph\Grenadier</Filter>
    </Image>
    <Image Include="..\Resources\Graph\Grenadier\grenadierInit.png">
      <Filter>Resources\Graph\Grenadier</Filter>
    </Image>
    <Image Include="..\Resources\Graph\Grenadier\idle_00-=-0-=-.png">
      <Filter>Resources\Graph\Grenadier</Filter>
    </Image>
    <Image Include="..\Resources\Graph\Grenadier\idle_01-=-0-=-.png">
      <Filter>Resources\Graph\Grenadier</Filter>
    </Image>
    <Image Include="..\Resources\Graph\Grenadier\idle_02-=-0-=-.png">
      <Filter>Resources\Graph\Grenadier</Filter>
    </Image>
    <Image Include="..\Resources\Graph\Grenadier\idle_03-=-0-=-.png">
      <Filter>Resources\Graph\Grenadier</Filter>
    </Image>
    <Image Include="..\Resources\Graph\Grenadier\idle_04-=-0-=-.png">
      <Filter>Resources\Graph\Grenadier</Filter>
    </Image>
    <Image Include="..\Resources\Graph\Grenadier\idle_05-=-0-=-.png">
      <Filter>Resources\Graph\Grenadier</Filter>
    </Image>
    <Image Include="..\Resources\Graph\Grenadier\idle_06-=-0-=-.png">
      <Filter>Resources\Graph\Grenadier</Filter>
    </Image>
    <Image Include="..\Resources\Graph\Grenadier\idle_07-=-0-=-.png">
      <Filter>Resources\Graph\Grenadier</Filter>
    </Image>
    <Image Include="..\Resources\Graph\Grenadier\idle_08-=-0-=-.png">
      <Filter>Resources\Graph\Grenadier</Filter>
    </Image>
    <Image Include="..\Resources\Graph\Grenadier\idle_09-=-0-=-.png">
      <Filter>Resources\Graph\Grenadier</Filter>
    </Image>
    <Image Include="..\Resources\Graph\Grenadier\idle_10-=-0-=-.png">
      <Filter>Resources\Graph\Grenadier</Filter>
    </Image>
    <Image Include="..\Resources\Graph\Grenadier\idle_11-=-0-=-.png">
      <Filter>Resources\Graph\Grenadier</Filter>
    </Image>
    <Image Include="..\Resources\Graph\Grenadier\idle_12-=-0-=-.png">
      <Filter>Resources\Graph\Grenadier</Filter>
    </Image>
    <Image Include="..\Resources\Graph\Grenadier\idle_13-=-0-=-.png">
      <Filter>Resources\Graph\Grenadier</Filter>
    </Image>
    <Image Include="..\Resources\Graph\Grenadier\idle_14-=-0-=-.png">
      <Filter>Resources\Graph\Grenadier</Filter>
    </Image>
    <Image Include="..\Resources\Graph\Grenadier\idle_15-=-0-=-.png">
      <Filter>Resources\Graph\Grenadier</Filter>
    </Image>
    <Image Include="..\Resources\Graph\Grenadier\idle_16-=-0-=-.png">
      <Filter>Resources\Graph\Grenadier</Filter>
    </Image>
    <Image Include="..\Resources\Graph\Grenadier\idle_17-=-0-=-.png">
      <Filter>Resources\Graph\Grenadier</Filter>
    </Image>
    <Image Include="..\Resources\Graph\Grenadier\idle_18-=-0-=-.png">
      <Filter>Resources\Graph\Grenadier</Filter>
    </Image>
    <Image Include="..\Resources\Graph\Grenadier\idle_19-=-0-=-.png">
      <Filter>Resources\Graph\Grenadier</Filter>
    </Image>
    <Image Include="..\Resources\Graph\Grenadier\idle_20-=-0-=-.png">
      <Filter>Resources\Graph\Grenadier</Filter>
    </Image>
    <Image Include="..\Resources\Graph\Grenadier\idle_21-=-0-=-.png">
      <Filter>Resources\Graph\Grenadier</Filter>
    </Image>
    <Image Include="..\Resources\Graph\Grenadier\idle_22-=-0-=-.png">
      <Filter>Resources\Graph\Grenadier</Filter>
    </Image>
    <Image Include="..\Resources\Graph\Grenadier\idle_23-=-0-=-.png">
      <Filter>Resources\Graph\Grenadier</Filter>
    </Image>
    <Image Include="..\Resources\Graph\Grenadier\idle_24-=-0-=-.png">
      <Filter>Resources\Graph\Grenadier</Filter>
    </Image>
    <Image Include="..\Resources\Graph\Grenadier\idle_25-=-0-=-.png">
      <Filter>Resources\Graph\Grenadier</Filter>
    </Image>
    <Image Include="..\Resources\Graph\Grenadier\idle_26-=-0-=-.png">
      <Filter>Resources\Graph\Grenadier</Filter>
    </Image>
    <Image Include="..\Resources\Graph\Grenadier\idle_27-=-0-=-.png">
      <Filter>Resources\Graph\Grenadier</Filter>
    </Image>
    <Image Include="..\Resources\Graph\Grenadier\idle_28-=-0-=-.png">
      <Filter>Resources\Graph\Grenadier</Filter>
    </Image>
    <Image Include="..\Resources\Graph\Grenadier\idle_29-=-0-=-.png">
      <Filter>Resources\Graph\Grenadier</Filter>
    </Image>
    <Image Include="..\Resources\Graph\Grenadier\idle_30-=-0-=-.png">
      <Filter>Resources\Graph\Grenadier</Filter>
    </Image>
    <Image Include="..\Resources\Graph\Grenadier\idle_31-=-0-=-.png">
      <Filter>Resources\Graph\Grenadier</Filter>
    </Image>
    <Image Include="..\Resources\Graph\Grenadier\idle_32-=-0-=-.png">
      <Filter>Resources\Graph\Grenadier</Filter>
    </Image>
    <Image Include="..\Resources\Graph\Grenadier\idle_33-=-0-=-.png">
      <Filter>Resources\Graph\Grenadier</Filter>
    </Image>
    <Image Include="..\Resources\Graph\Grenadier\idle_34-=-0-=-.png">
      <Filter>Resources\Graph\Grenadier</Filter>
    </Image>
    <Image Include="..\Resources\Graph\Grenadier\idle_35-=-0-=-.png">
      <Filter>Resources\Graph\Grenadier</Filter>
    </Image>
    <Image Include="..\Resources\Graph\Grenadier\idle_36-=-0-=-.png">
      <Filter>Resources\Graph\Grenadier</Filter>
    </Image>
    <Image Include="..\Resources\Graph\Grenadier\idle_37-=-0-=-.png">
      <Filter>Resources\Graph\Grenadier</Filter>
    </Image>
    <Image Include="..\Resources\Graph\Grenadier\idle_38-=-0-=-.png">
      <Filter>Resources\Graph\Grenadier</Filter>
    </Image>
    <Image Include="..\Resources\Graph\Grenadier\idle_39-=-0-=-.png">
      <Filter>Resources\Graph\Grenadier</Filter>
    </Image>
    <Image Include="..\Resources\Graph\Grenadier\idleAtkLoad_00-=-0-=-.png">
      <Filter>Resources\Graph\Grenadier</Filter>
    </Image>
    <Image Include="..\Resources\Graph\Grenadier\idleAtkLoad_01-=-0-=-.png">
      <Filter>Resources\Graph\Grenadier</Filter>
    </Image>
    <Image Include="..\Resources\Graph\Grenadier\idleAtkLoad_02-=-0-=-.png">
      <Filter>Resources\Graph\Grenadier</Filter>
    </Image>
    <Image Include="..\Resources\Graph\Grenadier\idleAtkLoad_03-=-0-=-.png">
      <Filter>Resources\Graph\Grenadier</Filter>
    </Image>
    <Image Include="..\Resources\Graph\Grenadier\idleAtkLoad_04-=-0-=-.png">
      <Filter>Resources\Graph\Grenadier</Filter>
    </Image>
    <Image Include="..\Resources\Graph\Grenadier\idleAtkLoad_05-=-0-=-.png">
      <Filter>Resources\Graph\Grenadier</Filter>
    </Image>
    <Image Include="..\Resources\Graph\Grenadier\idleAtkLoad_06-=-0-=-.png">
      <Filter>Resources\Graph\Grenadier</Filter>
    </Image>
    <Image Include="..\Resources\Graph\Grenadier\idleAtkLoad_07-=-0-=-.png">
      <Filter>Resources\Graph\Grenadier</Filter>
    </Image>
    <Image Include="..\Resources\Graph\Grenadier\idleAtkLoad_08-=-0-=-.png">
      <Filter>Resources\Graph\Grenadier</Filter>
    </Image>
    <Image Include="..\Resources\Graph\Grenadier\land_00-=-0-=-.png">
      <Filter>Resources\Graph\Grenadier</Filter>
    </Image>
    <Image Include="..\Resources\Graph\Grenadier\land_01-=-0-=-.png">
      <Filter>Resources\Graph\Grenadier</Filter>
    </Image>
    <Image Include="..\Resources\Graph\Grenadier\land_02-=-0-=-.png">
      <Filter>Resources\Graph\Grenadier</Filter>
    </Image>
    <Image Include="..\Resources\Graph\Grenadier\land_03-=-0-=-.png">
      <Filter>Resources\Graph\Grenadier</Filter>
    </Image>
    <Image Include="..\Resources\Graph\Grenadier\land_04-=-0-=-.png">
      <Filter>Resources\Graph\Grenadier</Filter>
    </Image>
    <Image Include="..\Resources\Graph\Grenadier\land_05-=-0-=-.png">
      <Filter>Resources\Graph\Grenadier</Filter>
    </Image>
    <Image Include="..\Resources\Graph\Grenadier\land_06-=-0-=-.png">
      <Filter>Resources\Graph\Grenadier</Filter>
    </Image>
    <Image Include="..\Resources\Graph\Grenadier\land_07-=-0-=-.png">
      <Filter>Resources\Graph\Grenadier</Filter>
    </Image>
    <Image Include="..\Resources\Graph\Grenadier\land_08-=-0-=-.png">
      <Filter>Resources\Graph\Grenadier</Filter>
    </Image>
    <Image Include="..\Resources\Graph\Grenadier\land_09-=-0-=-.png">
      <Filter>Resources\Graph\Grenadier</Filter>
    </Image>
    <Image Include="..\Resources\Graph\Grenadier\land_10-=-0-=-.png">
      <Filter>Resources\Graph\Grenadier</Filter>
    </Image>
    <Image Include="..\Resources\Graph\Grenadier\land_11-=-0-=-.png">
      <Filter>Resources\Graph\Grenadier</Filter>
    </Image>
    <Image Include="..\Resources\Graph\Grenadier\land_12-=-0-=-.png">
      <Filter>Resources\Graph\Grenadier</Filter>
    </Image>
    <Image Include="..\Resources\Graph\Grenadier\land_13-=-0-=-.png">
      <Filter>Resources\Graph\Grenadier</Filter>
    </Image>
    <Image Include="..\Resources\Graph\Grenadier\land_14-=-0-=-.png">
      <Filter>Resources\Graph\Grenadier</Filter>
    </Image>
    <Image Include="..\Resources\Graph\Grenadier\land_15-=-0-=-.png">
      <Filter>Resources\Graph\Grenadier</Filter>
    </Image>
    <Image Include="..\Resources\Graph\Grenadier\land_16-=-0-=-.png">
      <Filter>Resources\Graph\Grenadier</Filter>
    </Image>
    <Image Include="..\Resources\Graph\Grenadier\land_17-=-0-=-.png">
      <Filter>Resources\Graph\Grenadier</Filter>
    </Image>
    <Image Include="..\Resources\Graph\Grenadier\land_18-=-0-=-.png">
      <Filter>Resources\Graph\Grenadier</Filter>
    </Image>
    <Image Include="..\Resources\Graph\Grenadier\land_19-=-0-=-.png">
      <Filter>Resources\Graph\Grenadier</Filter>
    </Image>
    <Image Include="..\Resources\Graph\Grenadier\land_20-=-0-=-.png">
      <Filter>Resources\Graph\Grenadier</Filter>
    </Image>
    <Image Include="..\Resources\Graph\Grenadier\walk_00-=-0-=-.png">
      <Filter>Resources\Graph\Grenadier</Filter>
    </Image>
    <Image Include="..\Resources\Graph\Grenadier\walk_01-=-0-=-.png">
      <Filter>Resources\Graph\Grenadier</Filter>
    </Image>
    <Image Include="..\Resources\Graph\Grenadier\walk_02-=-0-=-.png">
      <Filter>Resources\Graph\Grenadier</Filter>
    </Image>
    <Image Include="..\Resources\Graph\Grenadier\walk_03-=-0-=-.png">
      <Filter>Resources\Graph\Grenadier</Filter>
    </Image>
    <Image Include="..\Resources\Graph\Grenadier\walk_04-=-0-=-.png">
      <Filter>Resources\Graph\Grenadier</Filter>
    </Image>
    <Image Include="..\Resources\Graph\Grenadier\walk_05-=-0-=-.png">
      <Filter>Resources\Graph\Grenadier</Filter>
    </Image>
    <Image Include="..\Resources\Graph\Grenadier\walk_06-=-0-=-.png">
      <Filter>Resources\Graph\Grenadier</Filter>
    </Image>
    <Image Include="..\Resources\Graph\Grenadier\walk_07-=-0-=-.png">
      <Filter>Resources\Graph\Grenadier</Filter>
    </Image>
    <Image Include="..\Resources\Graph\Grenadier\walk_08-=-0-=-.png">
      <Filter>Resources\Graph\Grenadier</Filter>
    </Image>
    <Image Include="..\Resources\Graph\Grenadier\walk_09-=-0-=-.png">
      <Filter>Resources\Graph\Grenadier</Filter>
    </Image>
    <Image Include="..\Resources\Graph\Grenadier\walk_10-=-0-=-.png">
      <Filter>Resources\Graph\Grenadier</Filter>
    </Image>
    <Image Include="..\Resources\Graph\Grenadier\walk_11-=-0-=-.png">
      <Filter>Resources\Graph\Grenadier</Filter>
    </Image>
    <Image Include="..\Resources\Graph\Grenadier\walk_12-=-0-=-.png">
      <Filter>Resources\Graph\Grenadier</Filter>
    </Image>
    <Image Include="..\Resources\Graph\Grenadier\walk_13-=-0-=-.png">
      <Filter>Resources\Graph\Grenadier</Filter>
    </Image>
    <Image Include="..\Resources\Graph\Grenadier\walk_14-=-0-=-.png">
      <Filter>Resources\Graph\Grenadier</Filter>
    </Image>
    <Image Include="..\Resources\Graph\Grenadier\walk_15-=-0-=-.png">
      <Filter>Resources\Graph\Grenadier</Filter>
    </Image>
    <Image Include="..\Resources\Graph\Grenadier\walk_16-=-0-=-.png">
      <Filter>Resources\Graph\Grenadier</Filter>
    </Image>
    <Image Include="..\Resources\Graph\Grenadier\walk_17-=-0-=-.png">
      <Filter>Resources\Graph\Grenadier</Filter>
    </Image>
    <Image Include="..\Resources\Graph\Grenadier\walk_18-=-0-=-.png">
      <Filter>Resources\Graph\Grenadier</Filter>
    </Image>
    <Image Include="..\Resources\Graph\Grenadier\walk_19-=-0-=-.png">
      <Filter>Resources\Graph\Grenadier</Filter>
    </Image>
    <Image Include="..\Resources\Graph\Grenadier\walk_20-=-0-=-.png">
      <Filter>Resources\Graph\Grenadier</Filter>
    </Image>
    <Image Include="..\Resources\Graph\Grenadier\walk_21-=-0-=-.png">
      <Filter>Resources\Graph\Grenadier</Filter>
    </Image>
    <Image Include="..\Resources\Graph\Grenadier\walk_22-=-0-=-.png">
      <Filter>Resources\Graph\Grenadier</Filter>
    </Image>
    <Image Include="..\Resources\Graph\Grenadier\walk_23-=-0-=-.png">
      <Filter>Resources\Graph\Grenadier</Filter>
    </Image>
    <Image Include="..\Resources\Graph\Grenadier\walk_24-=-0-=-.png">
      <Filter>Resources\Graph\Grenadier</Filter>
    </Image>
    <Image Include="..\Resources\Graph\Grenadier\walk_25-=-0-=-.png">
      <Filter>Resources\Graph\Grenadier</Filter>
    </Image>
    <Image Include="..\Resources\Graph\Grenadier\walk_26-=-0-=-.png">
      <Filter>Resources\Graph\Grenadier</Filter>
    </Image>
    <Image Include="..\Resources\Graph\Grenadier\walk_27-=-0-=-.png">
      <Filter>Resources\Graph\Grenadier</Filter>
    </Image>
    <Image Include="..\Resources\Graph\Grenadier\walk_28-=-0-=-.png">
      <Filter>Resources\Graph\Grenadier</Filter>
    </Image>
    <Image Include="..\Resources\Graph\Grenadier\walk_29-=-0-=-.png">
      <Filter>Resources\Graph\Grenadier</Filter>
    </Image>
    <Image Include="..\Resources\Graph\Grenadier\walk_30-=-0-=-.png">
      <Filter>Resources\Graph\Grenadier</Filter>
    </Image>
    <Image Include="..\Resources\Graph\Grenadier\walk_31-=-0-=-.png">
      <Filter>Resources\Graph\Grenadier</Filter>
    </Image>
    <Image Include="..\Resources\Graph\Grenadier\walk_32-=-0-=-.png">
      <Filter>Resources\Graph\Grenadier</Filter>
    </Image>
    <Image Include="..\Resources\Graph\Grenadier\walk_33-=-0-=-.png">
      <Filter>Resources\Graph\Grenadier</Filter>
    </Image>
    <Image Include="..\Resources\Graph\Grenadier\walk_34-=-0-=-.png">
      <Filter>Resources\Graph\Grenadier</Filter>
    </Image>
    <Image Include="..\Resources\Graph\Grenadier\walk_35-=-0-=-.png">
      <Filter>Resources\Graph\Grenadier</Filter>
    </Image>
    <Image Include="..\Resources\Graph\Grenadier\walk_36-=-0-=-.png">
      <Filter>Resources\Graph\Grenadier</Filter>
    </Image>
    <Image Include="..\Resources\Graph\Loading\Character.png">
      <Filter>Resources\Graph\Loading</Filter>
    </Image>
    <Image Include="..\Resources\Graph\Loading\CharacterNormal.png">
      <Filter>Resources\Graph\Loading</Filter>
    </Image>
    <Image Include="..\Resources\Graph\Loading\CharacterPalette.png">
      <Filter>Resources\Graph\Loading</Filter>
    </Image>
    <Image Include="..\Resources\Graph\Loading\loading_0.png">
      <Filter>Resources\Graph\Loading</Filter>
    </Image>
    <Image Include="..\Resources\Graph\Loading\loading_1.png">
      <Filter>Resources\Graph\Loading</Filter>
    </Image>
    <Image Include="..\Resources\Graph\Loading\loading_2.png">
      <Filter>Resources\Graph\Loading</Filter>
    </Image>
    <Image Include="..\Resources\Graph\Loading\loading_3.png">
      <Filter>Resources\Graph\Loading</Filter>
    </Image>
    <Image Include="..\Resources\Graph\Loading\loading_4.png">
      <Filter>Resources\Graph\Loading</Filter>
    </Image>
    <Image Include="..\Resources\Graph\Loading\loading_5.png">
      <Filter>Resources\Graph\Loading</Filter>
    </Image>
    <Image Include="..\Resources\Graph\Loading\loading_6.png">
      <Filter>Resources\Graph\Loading</Filter>
    </Image>
    <Image Include="..\Resources\Graph\Loading\loading_7.png">
      <Filter>Resources\Graph\Loading</Filter>
    </Image>
    <Image Include="..\Resources\Graph\Loading\loading_8.png">
      <Filter>Resources\Graph\Loading</Filter>
    </Image>
    <Image Include="..\Resources\Graph\Loading\loading_9.png">
      <Filter>Resources\Graph\Loading</Filter>
    </Image>
    <Image Include="..\Resources\Graph\Loading\loading_10.png">
      <Filter>Resources\Graph\Loading</Filter>
    </Image>
    <Image Include="..\Resources\Graph\Loading\loading_11.png">
      <Filter>Resources\Graph\Loading</Filter>
    </Image>
    <Image Include="..\Resources\Graph\Loading\loading_12.png">
      <Filter>Resources\Graph\Loading</Filter>
    </Image>
    <Image Include="..\Resources\Graph\Loading\loading_13.png">
      <Filter>Resources\Graph\Loading</Filter>
    </Image>
    <Image Include="..\Resources\Graph\Loading\loading_14.png">
      <Filter>Resources\Graph\Loading</Filter>
    </Image>
    <Image Include="..\Resources\Graph\Loading\loading_15.png">
      <Filter>Resources\Graph\Loading</Filter>
    </Image>
    <Image Include="..\Resources\Graph\Loading\loading_16.png">
      <Filter>Resources\Graph\Loading</Filter>
    </Image>
    <Image Include="..\Resources\Graph\Loading\loading_17.png">
      <Filter>Resources\Graph\Loading</Filter>
    </Image>
    <Image Include="..\Resources\Graph\Loading\loading_18.png">
      <Filter>Resources\Graph\Loading</Filter>
    </Image>
    <Image Include="..\Resources\Graph\Loading\loading_19.png">
      <Filter>Resources\Graph\Loading</Filter>
    </Image>
    <Image Include="..\Resources\Graph\StartMenu\Logo.png">
      <Filter>Resources\Graph\StartMenu</Filter>
    </Image>
    <Image Include="..\Resources\Graph\StartMenu\StartButtonSelected.png">
      <Filter>Resources\Graph\StartMenu</Filter>
    </Image>
    <Image Include="..\Resources\Graph\StartMenu\StartMenuBackGround.jpg">
      <Filter>Resources\Graph\StartMenu</Filter>
    </Image>
  </ItemGroup>
  <ItemGroup>
    <Xml Include="..\Resources\xml\string.xml">
      <Filter>Resources\xml</Filter>
    </Xml>
  </ItemGroup>
  <ItemGroup>
    <ResourceCompile Include="game.rc">
      <Filter>proj.win32</Filter>
    </ResourceCompile>
  </ItemGroup>
</Project>