<?xml version="1.0" encoding="utf-8"?>
<Project ToolsVersion="17.0" xmlns="http://schemas.microsoft.com/developer/msbuild/2003">
  <ItemGroup>
    <ClCompile Include="D:\Code\Cocos2dx\DeadCells\Classes\AppDelegate.cpp">
      <Filter>Source Files\Classes</Filter>
    </ClCompile>
    <ClCompile Include="D:\Code\Cocos2dx\DeadCells\Classes\Scene\StartMenu.cpp">
      <Filter>Source Files\Classes\Scene</Filter>
    </ClCompile>
    <ClCompile Include="D:\Code\Cocos2dx\DeadCells\Classes\Scene\Loading.cpp">
      <Filter>Source Files\Classes\Scene</Filter>
    </ClCompile>
    <ClCompile Include="D:\Code\Cocos2dx\DeadCells\Classes\Res\strings.cpp">
      <Filter>Source Files\Classes\Res</Filter>
    </ClCompile>
    <ClCompile Include="D:\Code\Cocos2dx\DeadCells\Classes\People\Player.cpp">
      <Filter>Source Files\Classes\People</Filter>
    </ClCompile>
    <ClCompile Include="D:\Code\Cocos2dx\DeadCells\Classes\People\Monster.cpp">
      <Filter>Source Files\Classes\People</Filter>
    </ClCompile>
    <ClCompile Include="D:\Code\Cocos2dx\DeadCells\Classes\People\Weapon.cpp">
      <Filter>Source Files\Classes\People</Filter>
    </ClCompile>
    <ClCompile Include="D:\Code\Cocos2dx\DeadCells\Classes\Map\MapUnit.cpp">
      <Filter>Source Files\Classes\Map</Filter>
    </ClCompile>
    <ClCompile Include="D:\Code\Cocos2dx\DeadCells\Classes\Map\SceneMap.cpp">
      <Filter>Source Files\Classes\Map</Filter>
    </ClCompile>
    <ClCompile Include="D:\Code\Cocos2dx\DeadCells\Classes\Scene\Prison.cpp">
      <Filter>Source Files\Classes\Scene</Filter>
    </ClCompile>
    <ClCompile Include="D:\Code\Cocos2dx\DeadCells\proj.win32\main.cpp">
      <Filter>Source Files\proj.win32</Filter>
    </ClCompile>
    <ClCompile Include="D:\Code\Cocos2dx\DeadCells\cocos2d\cocos\precheader.cpp">
      <Filter>Source Files</Filter>
    </ClCompile>
  </ItemGroup>
  <ItemGroup>
    <ClInclude Include="D:\Code\Cocos2dx\DeadCells\Classes\AppDelegate.h">
      <Filter>Source Files\Classes</Filter>
    </ClInclude>
    <ClInclude Include="D:\Code\Cocos2dx\DeadCells\Classes\Scene\StartMenu.h">
      <Filter>Source Files\Classes\Scene</Filter>
    </ClInclude>
    <ClInclude Include="D:\Code\Cocos2dx\DeadCells\Classes\Scene\Loading.h">
      <Filter>Source Files\Classes\Scene</Filter>
    </ClInclude>
    <ClInclude Include="D:\Code\Cocos2dx\DeadCells\Classes\Res\strings.h">
      <Filter>Source Files\Classes\Res</Filter>
    </ClInclude>
    <ClInclude Include="D:\Code\Cocos2dx\DeadCells\Classes\People\Player.h">
      <Filter>Source Files\Classes\People</Filter>
    </ClInclude>
    <ClInclude Include="D:\Code\Cocos2dx\DeadCells\Classes\People\Monster.h">
      <Filter>Source Files\Classes\People</Filter>
    </ClInclude>
    <ClInclude Include="D:\Code\Cocos2dx\DeadCells\Classes\People\Weapon.h">
      <Filter>Source Files\Classes\People</Filter>
    </ClInclude>
    <ClInclude Include="D:\Code\Cocos2dx\DeadCells\Classes\Map\MapUnit.h">
      <Filter>Source Files\Classes\Map</Filter>
    </ClInclude>
    <ClInclude Include="D:\Code\Cocos2dx\DeadCells\Classes\Map\SceneMap.h">
      <Filter>Source Files\Classes\Map</Filter>
    </ClInclude>
    <ClInclude Include="D:\Code\Cocos2dx\DeadCells\Classes\Scene\Prison.h">
      <Filter>Source Files\Classes\Scene</Filter>
    </ClInclude>
    <ClInclude Include="D:\Code\Cocos2dx\DeadCells\proj.win32\main.h">
      <Filter>Source Files\proj.win32</Filter>
    </ClInclude>
    <ClInclude Include="D:\Code\Cocos2dx\DeadCells\proj.win32\resource.h">
      <Filter>Source Files\proj.win32</Filter>
    </ClInclude>
    <ClInclude Include="D:\Code\Cocos2dx\DeadCells\Resources\Graph\Loading\Character.png">
      <Filter>Resources\Graph\Loading</Filter>
    </ClInclude>
    <ClInclude Include="D:\Code\Cocos2dx\DeadCells\Resources\Graph\Loading\CharacterNormal.png">
      <Filter>Resources\Graph\Loading</Filter>
    </ClInclude>
    <ClInclude Include="D:\Code\Cocos2dx\DeadCells\Resources\Graph\Loading\CharacterPalette.png">
      <Filter>Resources\Graph\Loading</Filter>
    </ClInclude>
    <ClInclude Include="D:\Code\Cocos2dx\DeadCells\Resources\Graph\Loading\loading_0.png">
      <Filter>Resources\Graph\Loading</Filter>
    </ClInclude>
    <ClInclude Include="D:\Code\Cocos2dx\DeadCells\Resources\Graph\Loading\loading_1.png">
      <Filter>Resources\Graph\Loading</Filter>
    </ClInclude>
    <ClInclude Include="D:\Code\Cocos2dx\DeadCells\Resources\Graph\Loading\loading_10.png">
      <Filter>Resources\Graph\Loading</Filter>
    </ClInclude>
    <ClInclude Include="D:\Code\Cocos2dx\DeadCells\Resources\Graph\Loading\loading_11.png">
      <Filter>Resources\Graph\Loading</Filter>
    </ClInclude>
    <ClInclude Include="D:\Code\Cocos2dx\DeadCells\Resources\Graph\Loading\loading_12.png">
      <Filter>Resources\Graph\Loading</Filter>
    </ClInclude>
    <ClInclude Include="D:\Code\Cocos2dx\DeadCells\Resources\Graph\Loading\loading_13.png">
      <Filter>Resources\Graph\Loading</Filter>
    </ClInclude>
    <ClInclude Include="D:\Code\Cocos2dx\DeadCells\Resources\Graph\Loading\loading_14.png">
      <Filter>Resources\Graph\Loading</Filter>
    </ClInclude>
    <ClInclude Include="D:\Code\Cocos2dx\DeadCells\Resources\Graph\Loading\loading_15.png">
      <Filter>Resources\Graph\Loading</Filter>
    </ClInclude>
    <ClInclude Include="D:\Code\Cocos2dx\DeadCells\Resources\Graph\Loading\loading_16.png">
      <Filter>Resources\Graph\Loading</Filter>
    </ClInclude>
    <ClInclude Include="D:\Code\Cocos2dx\DeadCells\Resources\Graph\Loading\loading_17.png">
      <Filter>Resources\Graph\Loading</Filter>
    </ClInclude>
    <ClInclude Include="D:\Code\Cocos2dx\DeadCells\Resources\Graph\Loading\loading_18.png">
      <Filter>Resources\Graph\Loading</Filter>
    </ClInclude>
    <ClInclude Include="D:\Code\Cocos2dx\DeadCells\Resources\Graph\Loading\loading_19.png">
      <Filter>Resources\Graph\Loading</Filter>
    </ClInclude>
    <ClInclude Include="D:\Code\Cocos2dx\DeadCells\Resources\Graph\Loading\loading_2.png">
      <Filter>Resources\Graph\Loading</Filter>
    </ClInclude>
    <ClInclude Include="D:\Code\Cocos2dx\DeadCells\Resources\Graph\Loading\loading_3.png">
      <Filter>Resources\Graph\Loading</Filter>
    </ClInclude>
    <ClInclude Include="D:\Code\Cocos2dx\DeadCells\Resources\Graph\Loading\loading_4.png">
      <Filter>Resources\Graph\Loading</Filter>
    </ClInclude>
    <ClInclude Include="D:\Code\Cocos2dx\DeadCells\Resources\Graph\Loading\loading_5.png">
      <Filter>Resources\Graph\Loading</Filter>
    </ClInclude>
    <ClInclude Include="D:\Code\Cocos2dx\DeadCells\Resources\Graph\Loading\loading_6.png">
      <Filter>Resources\Graph\Loading</Filter>
    </ClInclude>
    <ClInclude Include="D:\Code\Cocos2dx\DeadCells\Resources\Graph\Loading\loading_7.png">
      <Filter>Resources\Graph\Loading</Filter>
    </ClInclude>
    <ClInclude Include="D:\Code\Cocos2dx\DeadCells\Resources\Graph\Loading\loading_8.png">
      <Filter>Resources\Graph\Loading</Filter>
    </ClInclude>
    <ClInclude Include="D:\Code\Cocos2dx\DeadCells\Resources\Graph\Loading\loading_9.png">
      <Filter>Resources\Graph\Loading</Filter>
    </ClInclude>
    <ClInclude Include="D:\Code\Cocos2dx\DeadCells\Resources\Graph\StartMenu\Logo.png">
      <Filter>Resources\Graph\StartMenu</Filter>
    </ClInclude>
    <ClInclude Include="D:\Code\Cocos2dx\DeadCells\Resources\Graph\StartMenu\StartButtonSelected.png">
      <Filter>Resources\Graph\StartMenu</Filter>
    </ClInclude>
    <ClInclude Include="D:\Code\Cocos2dx\DeadCells\Resources\Graph\StartMenu\StartMenuBackGround.jpg">
      <Filter>Resources\Graph\StartMenu</Filter>
    </ClInclude>
    <ClInclude Include="D:\Code\Cocos2dx\DeadCells\Resources\fonts\arial.ttf">
      <Filter>Resources\fonts</Filter>
    </ClInclude>
    <ClInclude Include="D:\Code\Cocos2dx\DeadCells\Resources\fonts\fusion-pixel.ttf">
      <Filter>Resources\fonts</Filter>
    </ClInclude>
    <ClInclude Include="D:\Code\Cocos2dx\DeadCells\Resources\music\prisonstart_intro.ogg">
      <Filter>Resources\music</Filter>
    </ClInclude>
    <ClInclude Include="D:\Code\Cocos2dx\DeadCells\Resources\objecttypes.json">
      <Filter>Resources</Filter>
    </ClInclude>
    <ClInclude Include="D:\Code\Cocos2dx\DeadCells\Resources\res\.gitkeep">
      <Filter>Resources\res</Filter>
    </ClInclude>
    <ClInclude Include="D:\Code\Cocos2dx\DeadCells\Resources\room\Prison\Pr1.tmx">
      <Filter>Resources\room\Prison</Filter>
    </ClInclude>
    <ClInclude Include="D:\Code\Cocos2dx\DeadCells\Resources\room\Prison\Pr10.tmx">
      <Filter>Resources\room\Prison</Filter>
    </ClInclude>
    <ClInclude Include="D:\Code\Cocos2dx\DeadCells\Resources\room\Prison\Pr11.tmx">
      <Filter>Resources\room\Prison</Filter>
    </ClInclude>
    <ClInclude Include="D:\Code\Cocos2dx\DeadCells\Resources\room\Prison\Pr12.tmx">
      <Filter>Resources\room\Prison</Filter>
    </ClInclude>
    <ClInclude Include="D:\Code\Cocos2dx\DeadCells\Resources\room\Prison\Pr13.tmx">
      <Filter>Resources\room\Prison</Filter>
    </ClInclude>
    <ClInclude Include="D:\Code\Cocos2dx\DeadCells\Resources\room\Prison\Pr14.tmx">
      <Filter>Resources\room\Prison</Filter>
    </ClInclude>
    <ClInclude Include="D:\Code\Cocos2dx\DeadCells\Resources\room\Prison\Pr15.tmx">
      <Filter>Resources\room\Prison</Filter>
    </ClInclude>
    <ClInclude Include="D:\Code\Cocos2dx\DeadCells\Resources\room\Prison\Pr16.tmx">
      <Filter>Resources\room\Prison</Filter>
    </ClInclude>
    <ClInclude Include="D:\Code\Cocos2dx\DeadCells\Resources\room\Prison\Pr17.tmx">
      <Filter>Resources\room\Prison</Filter>
    </ClInclude>
    <ClInclude Include="D:\Code\Cocos2dx\DeadCells\Resources\room\Prison\Pr18.tmx">
      <Filter>Resources\room\Prison</Filter>
    </ClInclude>
    <ClInclude Include="D:\Code\Cocos2dx\DeadCells\Resources\room\Prison\Pr19.tmx">
      <Filter>Resources\room\Prison</Filter>
    </ClInclude>
    <ClInclude Include="D:\Code\Cocos2dx\DeadCells\Resources\room\Prison\Pr2.tmx">
      <Filter>Resources\room\Prison</Filter>
    </ClInclude>
    <ClInclude Include="D:\Code\Cocos2dx\DeadCells\Resources\room\Prison\Pr20.tmx">
      <Filter>Resources\room\Prison</Filter>
    </ClInclude>
    <ClInclude Include="D:\Code\Cocos2dx\DeadCells\Resources\room\Prison\Pr21.tmx">
      <Filter>Resources\room\Prison</Filter>
    </ClInclude>
    <ClInclude Include="D:\Code\Cocos2dx\DeadCells\Resources\room\Prison\Pr22.tmx">
      <Filter>Resources\room\Prison</Filter>
    </ClInclude>
    <ClInclude Include="D:\Code\Cocos2dx\DeadCells\Resources\room\Prison\Pr23.tmx">
      <Filter>Resources\room\Prison</Filter>
    </ClInclude>
    <ClInclude Include="D:\Code\Cocos2dx\DeadCells\Resources\room\Prison\Pr24.tmx">
      <Filter>Resources\room\Prison</Filter>
    </ClInclude>
    <ClInclude Include="D:\Code\Cocos2dx\DeadCells\Resources\room\Prison\Pr25.tmx">
      <Filter>Resources\room\Prison</Filter>
    </ClInclude>
    <ClInclude Include="D:\Code\Cocos2dx\DeadCells\Resources\room\Prison\Pr26.tmx">
      <Filter>Resources\room\Prison</Filter>
    </ClInclude>
    <ClInclude Include="D:\Code\Cocos2dx\DeadCells\Resources\room\Prison\Pr27.tmx">
      <Filter>Resources\room\Prison</Filter>
    </ClInclude>
    <ClInclude Include="D:\Code\Cocos2dx\DeadCells\Resources\room\Prison\Pr28.tmx">
      <Filter>Resources\room\Prison</Filter>
    </ClInclude>
    <ClInclude Include="D:\Code\Cocos2dx\DeadCells\Resources\room\Prison\Pr29.tmx">
      <Filter>Resources\room\Prison</Filter>
    </ClInclude>
    <ClInclude Include="D:\Code\Cocos2dx\DeadCells\Resources\room\Prison\Pr3.tmx">
      <Filter>Resources\room\Prison</Filter>
    </ClInclude>
    <ClInclude Include="D:\Code\Cocos2dx\DeadCells\Resources\room\Prison\Pr30.tmx">
      <Filter>Resources\room\Prison</Filter>
    </ClInclude>
    <ClInclude Include="D:\Code\Cocos2dx\DeadCells\Resources\room\Prison\Pr31.tmx">
      <Filter>Resources\room\Prison</Filter>
    </ClInclude>
    <ClInclude Include="D:\Code\Cocos2dx\DeadCells\Resources\room\Prison\Pr32.tmx">
      <Filter>Resources\room\Prison</Filter>
    </ClInclude>
    <ClInclude Include="D:\Code\Cocos2dx\DeadCells\Resources\room\Prison\Pr33.tmx">
      <Filter>Resources\room\Prison</Filter>
    </ClInclude>
    <ClInclude Include="D:\Code\Cocos2dx\DeadCells\Resources\room\Prison\Pr34.tmx">
      <Filter>Resources\room\Prison</Filter>
    </ClInclude>
    <ClInclude Include="D:\Code\Cocos2dx\DeadCells\Resources\room\Prison\Pr35.tmx">
      <Filter>Resources\room\Prison</Filter>
    </ClInclude>
    <ClInclude Include="D:\Code\Cocos2dx\DeadCells\Resources\room\Prison\Pr36.tmx">
      <Filter>Resources\room\Prison</Filter>
    </ClInclude>
    <ClInclude Include="D:\Code\Cocos2dx\DeadCells\Resources\room\Prison\Pr37.tmx">
      <Filter>Resources\room\Prison</Filter>
    </ClInclude>
    <ClInclude Include="D:\Code\Cocos2dx\DeadCells\Resources\room\Prison\Pr38.tmx">
      <Filter>Resources\room\Prison</Filter>
    </ClInclude>
    <ClInclude Include="D:\Code\Cocos2dx\DeadCells\Resources\room\Prison\Pr39.tmx">
      <Filter>Resources\room\Prison</Filter>
    </ClInclude>
    <ClInclude Include="D:\Code\Cocos2dx\DeadCells\Resources\room\Prison\Pr4.tmx">
      <Filter>Resources\room\Prison</Filter>
    </ClInclude>
    <ClInclude Include="D:\Code\Cocos2dx\DeadCells\Resources\room\Prison\Pr40.tmx">
      <Filter>Resources\room\Prison</Filter>
    </ClInclude>
    <ClInclude Include="D:\Code\Cocos2dx\DeadCells\Resources\room\Prison\Pr41.tmx">
      <Filter>Resources\room\Prison</Filter>
    </ClInclude>
    <ClInclude Include="D:\Code\Cocos2dx\DeadCells\Resources\room\Prison\Pr42.tmx">
      <Filter>Resources\room\Prison</Filter>
    </ClInclude>
    <ClInclude Include="D:\Code\Cocos2dx\DeadCells\Resources\room\Prison\Pr43.tmx">
      <Filter>Resources\room\Prison</Filter>
    </ClInclude>
    <ClInclude Include="D:\Code\Cocos2dx\DeadCells\Resources\room\Prison\Pr44.tmx">
      <Filter>Resources\room\Prison</Filter>
    </ClInclude>
    <ClInclude Include="D:\Code\Cocos2dx\DeadCells\Resources\room\Prison\Pr45.tmx">
      <Filter>Resources\room\Prison</Filter>
    </ClInclude>
    <ClInclude Include="D:\Code\Cocos2dx\DeadCells\Resources\room\Prison\Pr46.tmx">
      <Filter>Resources\room\Prison</Filter>
    </ClInclude>
    <ClInclude Include="D:\Code\Cocos2dx\DeadCells\Resources\room\Prison\Pr47.tmx">
      <Filter>Resources\room\Prison</Filter>
    </ClInclude>
    <ClInclude Include="D:\Code\Cocos2dx\DeadCells\Resources\room\Prison\Pr48.tmx">
      <Filter>Resources\room\Prison</Filter>
    </ClInclude>
    <ClInclude Include="D:\Code\Cocos2dx\DeadCells\Resources\room\Prison\Pr49.tmx">
      <Filter>Resources\room\Prison</Filter>
    </ClInclude>
    <ClInclude Include="D:\Code\Cocos2dx\DeadCells\Resources\room\Prison\Pr5.tmx">
      <Filter>Resources\room\Prison</Filter>
    </ClInclude>
    <ClInclude Include="D:\Code\Cocos2dx\DeadCells\Resources\room\Prison\Pr50.tmx">
      <Filter>Resources\room\Prison</Filter>
    </ClInclude>
    <ClInclude Include="D:\Code\Cocos2dx\DeadCells\Resources\room\Prison\Pr51.tmx">
      <Filter>Resources\room\Prison</Filter>
    </ClInclude>
    <ClInclude Include="D:\Code\Cocos2dx\DeadCells\Resources\room\Prison\Pr52.tmx">
      <Filter>Resources\room\Prison</Filter>
    </ClInclude>
    <ClInclude Include="D:\Code\Cocos2dx\DeadCells\Resources\room\Prison\Pr53.tmx">
      <Filter>Resources\room\Prison</Filter>
    </ClInclude>
    <ClInclude Include="D:\Code\Cocos2dx\DeadCells\Resources\room\Prison\Pr54.tmx">
      <Filter>Resources\room\Prison</Filter>
    </ClInclude>
    <ClInclude Include="D:\Code\Cocos2dx\DeadCells\Resources\room\Prison\Pr55.tmx">
      <Filter>Resources\room\Prison</Filter>
    </ClInclude>
    <ClInclude Include="D:\Code\Cocos2dx\DeadCells\Resources\room\Prison\Pr56.tmx">
      <Filter>Resources\room\Prison</Filter>
    </ClInclude>
    <ClInclude Include="D:\Code\Cocos2dx\DeadCells\Resources\room\Prison\Pr57.tmx">
      <Filter>Resources\room\Prison</Filter>
    </ClInclude>
    <ClInclude Include="D:\Code\Cocos2dx\DeadCells\Resources\room\Prison\Pr58.tmx">
      <Filter>Resources\room\Prison</Filter>
    </ClInclude>
    <ClInclude Include="D:\Code\Cocos2dx\DeadCells\Resources\room\Prison\Pr59.tmx">
      <Filter>Resources\room\Prison</Filter>
    </ClInclude>
    <ClInclude Include="D:\Code\Cocos2dx\DeadCells\Resources\room\Prison\Pr6.tmx">
      <Filter>Resources\room\Prison</Filter>
    </ClInclude>
    <ClInclude Include="D:\Code\Cocos2dx\DeadCells\Resources\room\Prison\Pr60.tmx">
      <Filter>Resources\room\Prison</Filter>
    </ClInclude>
    <ClInclude Include="D:\Code\Cocos2dx\DeadCells\Resources\room\Prison\Pr7.tmx">
      <Filter>Resources\room\Prison</Filter>
    </ClInclude>
    <ClInclude Include="D:\Code\Cocos2dx\DeadCells\Resources\room\Prison\Pr8.tmx">
      <Filter>Resources\room\Prison</Filter>
    </ClInclude>
    <ClInclude Include="D:\Code\Cocos2dx\DeadCells\Resources\room\Prison\Pr9.tmx">
      <Filter>Resources\room\Prison</Filter>
    </ClInclude>
    <ClInclude Include="D:\Code\Cocos2dx\DeadCells\Resources\room\Prison\PrisonArmory.tmx">
      <Filter>Resources\room\Prison</Filter>
    </ClInclude>
    <ClInclude Include="D:\Code\Cocos2dx\DeadCells\Resources\room\Prison\PrisonMonsterDoor.tmx">
      <Filter>Resources\room\Prison</Filter>
    </ClInclude>
    <ClInclude Include="D:\Code\Cocos2dx\DeadCells\Resources\room\Prison\PrisonStart.tmx">
      <Filter>Resources\room\Prison</Filter>
    </ClInclude>
    <ClInclude Include="D:\Code\Cocos2dx\DeadCells\Resources\room\Prison\PrisonStartExit.tmx">
      <Filter>Resources\room\Prison</Filter>
    </ClInclude>
    <ClInclude Include="D:\Code\Cocos2dx\DeadCells\Resources\room\Prison\col.png">
      <Filter>Resources\room\Prison</Filter>
    </ClInclude>
    <ClInclude Include="D:\Code\Cocos2dx\DeadCells\Resources\room\Prison\col.tsx">
      <Filter>Resources\room\Prison</Filter>
    </ClInclude>
    <ClInclude Include="D:\Code\Cocos2dx\DeadCells\Resources\room\Prison\lnk.png">
      <Filter>Resources\room\Prison</Filter>
    </ClInclude>
    <ClInclude Include="D:\Code\Cocos2dx\DeadCells\Resources\room\Prison\lnk.tsx">
      <Filter>Resources\room\Prison</Filter>
    </ClInclude>
    <ClInclude Include="D:\Code\Cocos2dx\DeadCells\Resources\room\map_data.json">
      <Filter>Resources\room</Filter>
    </ClInclude>
    <ClInclude Include="D:\Code\Cocos2dx\DeadCells\Resources\xml\string.xml">
      <Filter>Resources\xml</Filter>
    </ClInclude>
  </ItemGroup>
  <ItemGroup>
    <CustomBuild Include="D:\Code\Cocos2dx\DeadCells\CMakeLists.txt" />
  </ItemGroup>
  <ItemGroup>
    <ResourceCompile Include="D:\Code\Cocos2dx\DeadCells\proj.win32\game.rc">
      <Filter>Source Files\proj.win32</Filter>
    </ResourceCompile>
  </ItemGroup>
  <ItemGroup>
    <Filter Include="Resources">
      <UniqueIdentifier>{5A9A7735-5333-365C-AF2A-3461F3C01E2A}</UniqueIdentifier>
    </Filter>
    <Filter Include="Resources\Graph">
      <UniqueIdentifier>{2FBDA5A6-AAD2-3806-A522-7BCF8FC95FF3}</UniqueIdentifier>
    </Filter>
    <Filter Include="Resources\Graph\Loading">
      <UniqueIdentifier>{A0151D25-AB65-3B4B-A03C-7B42AA3AAFC1}</UniqueIdentifier>
    </Filter>
    <Filter Include="Resources\Graph\StartMenu">
      <UniqueIdentifier>{795DABA1-3752-34BD-A4B3-D78040DCA6D2}</UniqueIdentifier>
    </Filter>
    <Filter Include="Resources\fonts">
      <UniqueIdentifier>{C3EB66CC-0EDF-31DB-B09B-D7AB9C83B4FE}</UniqueIdentifier>
    </Filter>
    <Filter Include="Resources\music">
      <UniqueIdentifier>{76020580-5A32-397E-B45F-15CC178753DC}</UniqueIdentifier>
    </Filter>
    <Filter Include="Resources\res">
      <UniqueIdentifier>{395FBFF1-012C-3E1D-833A-A1D0F0F1B395}</UniqueIdentifier>
    </Filter>
    <Filter Include="Resources\room">
      <UniqueIdentifier>{58C14ECB-DCC5-3C13-8999-99D1E374D4DA}</UniqueIdentifier>
    </Filter>
    <Filter Include="Resources\room\Prison">
      <UniqueIdentifier>{DCDAF57C-CF4E-39ED-9759-C575D699167D}</UniqueIdentifier>
    </Filter>
    <Filter Include="Resources\xml">
      <UniqueIdentifier>{0EADD752-CE58-3686-A377-83945C7694C6}</UniqueIdentifier>
    </Filter>
    <Filter Include="Source Files">
      <UniqueIdentifier>{E45B0350-58CD-3C29-83FB-A47174B52D91}</UniqueIdentifier>
    </Filter>
    <Filter Include="Source Files\Classes">
      <UniqueIdentifier>{15F5CEEA-3DAE-3D4D-911F-76F2D6060CAD}</UniqueIdentifier>
    </Filter>
    <Filter Include="Source Files\Classes\Map">
      <UniqueIdentifier>{A0B6BAC8-5147-3FC4-97B7-93B6F0090DC8}</UniqueIdentifier>
    </Filter>
    <Filter Include="Source Files\Classes\People">
      <UniqueIdentifier>{748C09FD-9B27-32A8-A892-3B99D87F9CA9}</UniqueIdentifier>
    </Filter>
    <Filter Include="Source Files\Classes\Res">
      <UniqueIdentifier>{1DE6140D-BE86-3241-A83A-82A59A8E69AC}</UniqueIdentifier>
    </Filter>
    <Filter Include="Source Files\Classes\Scene">
      <UniqueIdentifier>{41F145FE-219E-3A01-98AA-046E4F26351C}</UniqueIdentifier>
    </Filter>
    <Filter Include="Source Files\proj.win32">
      <UniqueIdentifier>{AE5756C4-4DAB-3954-9C92-D5F573D7971A}</UniqueIdentifier>
    </Filter>
  </ItemGroup>
</Project>
