
Microsoft Visual Studio Solution File, Format Version 12.00
# Visual Studio Version 17
Project("{2150E333-8FDC-42A3-9474-1A3956D46DE8}") = "CMakePredefinedTargets", "CMakePredefinedTargets", "{319B1CFF-260C-37C6-9298-88E732C211AF}"
EndProject
Project("{2150E333-8FDC-42A3-9474-1A3956D46DE8}") = "External", "External", "{E909933D-79C4-3127-81FC-FDB14F5DBB3B}"
EndProject
Project("{2150E333-8FDC-42A3-9474-1A3956D46DE8}") = "Internal", "Internal", "{8E3F1324-D44F-3406-89AF-3FA9C12ECDA1}"
EndProject
Project("{2150E333-8FDC-42A3-9474-1A3956D46DE8}") = "Utils", "Utils", "{9F50A516-F9F7-34D5-A3E2-05840DC76EAA}"
EndProject
Project("{8BC9CEB8-8B4A-11D0-8D11-00A0C91BC942}") = "ALL_BUILD", "ALL_BUILD.vcxproj", "{F00F2CA8-A5CB-365A-BC0C-C2B903A1D11A}"
	ProjectSection(ProjectDependencies) = postProject
		{2780A1EC-6652-3342-86EF-A744C199A073} = {2780A1EC-6652-3342-86EF-A744C199A073}
		{F69FB4D8-C0E1-33F6-8892-93DBBA5ED0EB} = {F69FB4D8-C0E1-33F6-8892-93DBBA5ED0EB}
		{DFC84339-D50D-3AFE-B5E1-BDE7F4B480AE} = {DFC84339-D50D-3AFE-B5E1-BDE7F4B480AE}
		{54E7CA35-71D9-37AD-93F2-718EA4295D4B} = {54E7CA35-71D9-37AD-93F2-718EA4295D4B}
		{40922B91-5C41-32FC-A187-CF21C8561179} = {40922B91-5C41-32FC-A187-CF21C8561179}
		{7C453936-AAAE-3C39-9527-2B6A3394BA4F} = {7C453936-AAAE-3C39-9527-2B6A3394BA4F}
		{652ADE37-9F81-3D54-B1C6-D9D105EBB3B6} = {652ADE37-9F81-3D54-B1C6-D9D105EBB3B6}
		{E4A1873F-C254-32FD-9CBD-08BFEA72C24F} = {E4A1873F-C254-32FD-9CBD-08BFEA72C24F}
		{EE5E83D5-8583-39AC-9EBF-E68AEDB44611} = {EE5E83D5-8583-39AC-9EBF-E68AEDB44611}
		{5E7BBC02-6FA1-3255-80DF-3936DEB0C490} = {5E7BBC02-6FA1-3255-80DF-3936DEB0C490}
		{96701208-B13F-301D-9D44-316108BA1CD6} = {96701208-B13F-301D-9D44-316108BA1CD6}
		{0AF47D69-FC0D-3C00-A9B3-128C114E6396} = {0AF47D69-FC0D-3C00-A9B3-128C114E6396}
		{58AE7A30-338E-3790-BE94-CF1D22040C86} = {58AE7A30-338E-3790-BE94-CF1D22040C86}
		{8DB5554D-10C2-3479-A5B1-AC93612C5C48} = {8DB5554D-10C2-3479-A5B1-AC93612C5C48}
		{B69BAABE-F127-3045-8CCA-D4D95F4CA633} = {B69BAABE-F127-3045-8CCA-D4D95F4CA633}
	EndProjectSection
EndProject
Project("{8BC9CEB8-8B4A-11D0-8D11-00A0C91BC942}") = "DeadCells", "DeadCells.vcxproj", "{2780A1EC-6652-3342-86EF-A744C199A073}"
	ProjectSection(ProjectDependencies) = postProject
		{F69FB4D8-C0E1-33F6-8892-93DBBA5ED0EB} = {F69FB4D8-C0E1-33F6-8892-93DBBA5ED0EB}
		{DFC84339-D50D-3AFE-B5E1-BDE7F4B480AE} = {DFC84339-D50D-3AFE-B5E1-BDE7F4B480AE}
		{54E7CA35-71D9-37AD-93F2-718EA4295D4B} = {54E7CA35-71D9-37AD-93F2-718EA4295D4B}
		{40922B91-5C41-32FC-A187-CF21C8561179} = {40922B91-5C41-32FC-A187-CF21C8561179}
		{7C453936-AAAE-3C39-9527-2B6A3394BA4F} = {7C453936-AAAE-3C39-9527-2B6A3394BA4F}
		{652ADE37-9F81-3D54-B1C6-D9D105EBB3B6} = {652ADE37-9F81-3D54-B1C6-D9D105EBB3B6}
		{E4A1873F-C254-32FD-9CBD-08BFEA72C24F} = {E4A1873F-C254-32FD-9CBD-08BFEA72C24F}
		{EE5E83D5-8583-39AC-9EBF-E68AEDB44611} = {EE5E83D5-8583-39AC-9EBF-E68AEDB44611}
		{5E7BBC02-6FA1-3255-80DF-3936DEB0C490} = {5E7BBC02-6FA1-3255-80DF-3936DEB0C490}
		{96701208-B13F-301D-9D44-316108BA1CD6} = {96701208-B13F-301D-9D44-316108BA1CD6}
		{0AF47D69-FC0D-3C00-A9B3-128C114E6396} = {0AF47D69-FC0D-3C00-A9B3-128C114E6396}
		{58AE7A30-338E-3790-BE94-CF1D22040C86} = {58AE7A30-338E-3790-BE94-CF1D22040C86}
		{8DB5554D-10C2-3479-A5B1-AC93612C5C48} = {8DB5554D-10C2-3479-A5B1-AC93612C5C48}
		{B69BAABE-F127-3045-8CCA-D4D95F4CA633} = {B69BAABE-F127-3045-8CCA-D4D95F4CA633}
	EndProjectSection
EndProject
Project("{8BC9CEB8-8B4A-11D0-8D11-00A0C91BC942}") = "SYNC_RESOURCE-DeadCells", "SYNC_RESOURCE-DeadCells.vcxproj", "{F69FB4D8-C0E1-33F6-8892-93DBBA5ED0EB}"
	ProjectSection(ProjectDependencies) = postProject
		{DFC84339-D50D-3AFE-B5E1-BDE7F4B480AE} = {DFC84339-D50D-3AFE-B5E1-BDE7F4B480AE}
	EndProjectSection
EndProject
Project("{8BC9CEB8-8B4A-11D0-8D11-00A0C91BC942}") = "ZERO_CHECK", "ZERO_CHECK.vcxproj", "{DFC84339-D50D-3AFE-B5E1-BDE7F4B480AE}"
	ProjectSection(ProjectDependencies) = postProject
	EndProjectSection
EndProject
Project("{8BC9CEB8-8B4A-11D0-8D11-00A0C91BC942}") = "cocos2d", "engine\cocos\core\cocos2d.vcxproj", "{54E7CA35-71D9-37AD-93F2-718EA4295D4B}"
	ProjectSection(ProjectDependencies) = postProject
		{DFC84339-D50D-3AFE-B5E1-BDE7F4B480AE} = {DFC84339-D50D-3AFE-B5E1-BDE7F4B480AE}
		{40922B91-5C41-32FC-A187-CF21C8561179} = {40922B91-5C41-32FC-A187-CF21C8561179}
		{7C453936-AAAE-3C39-9527-2B6A3394BA4F} = {7C453936-AAAE-3C39-9527-2B6A3394BA4F}
		{652ADE37-9F81-3D54-B1C6-D9D105EBB3B6} = {652ADE37-9F81-3D54-B1C6-D9D105EBB3B6}
		{E4A1873F-C254-32FD-9CBD-08BFEA72C24F} = {E4A1873F-C254-32FD-9CBD-08BFEA72C24F}
		{EE5E83D5-8583-39AC-9EBF-E68AEDB44611} = {EE5E83D5-8583-39AC-9EBF-E68AEDB44611}
		{5E7BBC02-6FA1-3255-80DF-3936DEB0C490} = {5E7BBC02-6FA1-3255-80DF-3936DEB0C490}
		{96701208-B13F-301D-9D44-316108BA1CD6} = {96701208-B13F-301D-9D44-316108BA1CD6}
		{0AF47D69-FC0D-3C00-A9B3-128C114E6396} = {0AF47D69-FC0D-3C00-A9B3-128C114E6396}
		{58AE7A30-338E-3790-BE94-CF1D22040C86} = {58AE7A30-338E-3790-BE94-CF1D22040C86}
		{8DB5554D-10C2-3479-A5B1-AC93612C5C48} = {8DB5554D-10C2-3479-A5B1-AC93612C5C48}
		{B69BAABE-F127-3045-8CCA-D4D95F4CA633} = {B69BAABE-F127-3045-8CCA-D4D95F4CA633}
	EndProjectSection
EndProject
Project("{8BC9CEB8-8B4A-11D0-8D11-00A0C91BC942}") = "ext_clipper", "engine\external\clipper\ext_clipper.vcxproj", "{40922B91-5C41-32FC-A187-CF21C8561179}"
	ProjectSection(ProjectDependencies) = postProject
		{DFC84339-D50D-3AFE-B5E1-BDE7F4B480AE} = {DFC84339-D50D-3AFE-B5E1-BDE7F4B480AE}
	EndProjectSection
EndProject
Project("{8BC9CEB8-8B4A-11D0-8D11-00A0C91BC942}") = "ext_convertUTF", "engine\external\ConvertUTF\ext_convertUTF.vcxproj", "{7C453936-AAAE-3C39-9527-2B6A3394BA4F}"
	ProjectSection(ProjectDependencies) = postProject
		{DFC84339-D50D-3AFE-B5E1-BDE7F4B480AE} = {DFC84339-D50D-3AFE-B5E1-BDE7F4B480AE}
	EndProjectSection
EndProject
Project("{8BC9CEB8-8B4A-11D0-8D11-00A0C91BC942}") = "ext_edtaa3func", "engine\external\edtaa3func\ext_edtaa3func.vcxproj", "{652ADE37-9F81-3D54-B1C6-D9D105EBB3B6}"
	ProjectSection(ProjectDependencies) = postProject
		{DFC84339-D50D-3AFE-B5E1-BDE7F4B480AE} = {DFC84339-D50D-3AFE-B5E1-BDE7F4B480AE}
	EndProjectSection
EndProject
Project("{8BC9CEB8-8B4A-11D0-8D11-00A0C91BC942}") = "ext_md5", "engine\external\md5\ext_md5.vcxproj", "{E4A1873F-C254-32FD-9CBD-08BFEA72C24F}"
	ProjectSection(ProjectDependencies) = postProject
		{DFC84339-D50D-3AFE-B5E1-BDE7F4B480AE} = {DFC84339-D50D-3AFE-B5E1-BDE7F4B480AE}
	EndProjectSection
EndProject
Project("{8BC9CEB8-8B4A-11D0-8D11-00A0C91BC942}") = "ext_poly2tri", "engine\external\poly2tri\ext_poly2tri.vcxproj", "{EE5E83D5-8583-39AC-9EBF-E68AEDB44611}"
	ProjectSection(ProjectDependencies) = postProject
		{DFC84339-D50D-3AFE-B5E1-BDE7F4B480AE} = {DFC84339-D50D-3AFE-B5E1-BDE7F4B480AE}
	EndProjectSection
EndProject
Project("{8BC9CEB8-8B4A-11D0-8D11-00A0C91BC942}") = "ext_recast", "engine\external\recast\ext_recast.vcxproj", "{5E7BBC02-6FA1-3255-80DF-3936DEB0C490}"
	ProjectSection(ProjectDependencies) = postProject
		{DFC84339-D50D-3AFE-B5E1-BDE7F4B480AE} = {DFC84339-D50D-3AFE-B5E1-BDE7F4B480AE}
	EndProjectSection
EndProject
Project("{8BC9CEB8-8B4A-11D0-8D11-00A0C91BC942}") = "ext_tinyxml2", "engine\external\tinyxml2\ext_tinyxml2.vcxproj", "{96701208-B13F-301D-9D44-316108BA1CD6}"
	ProjectSection(ProjectDependencies) = postProject
		{DFC84339-D50D-3AFE-B5E1-BDE7F4B480AE} = {DFC84339-D50D-3AFE-B5E1-BDE7F4B480AE}
	EndProjectSection
EndProject
Project("{8BC9CEB8-8B4A-11D0-8D11-00A0C91BC942}") = "ext_unzip", "engine\external\unzip\ext_unzip.vcxproj", "{0AF47D69-FC0D-3C00-A9B3-128C114E6396}"
	ProjectSection(ProjectDependencies) = postProject
		{DFC84339-D50D-3AFE-B5E1-BDE7F4B480AE} = {DFC84339-D50D-3AFE-B5E1-BDE7F4B480AE}
	EndProjectSection
EndProject
Project("{8BC9CEB8-8B4A-11D0-8D11-00A0C91BC942}") = "ext_xxhash", "engine\external\xxhash\ext_xxhash.vcxproj", "{58AE7A30-338E-3790-BE94-CF1D22040C86}"
	ProjectSection(ProjectDependencies) = postProject
		{DFC84339-D50D-3AFE-B5E1-BDE7F4B480AE} = {DFC84339-D50D-3AFE-B5E1-BDE7F4B480AE}
	EndProjectSection
EndProject
Project("{8BC9CEB8-8B4A-11D0-8D11-00A0C91BC942}") = "ext_xxtea", "engine\external\xxtea\ext_xxtea.vcxproj", "{8DB5554D-10C2-3479-A5B1-AC93612C5C48}"
	ProjectSection(ProjectDependencies) = postProject
		{DFC84339-D50D-3AFE-B5E1-BDE7F4B480AE} = {DFC84339-D50D-3AFE-B5E1-BDE7F4B480AE}
	EndProjectSection
EndProject
Project("{8BC9CEB8-8B4A-11D0-8D11-00A0C91BC942}") = "external", "engine\external\external.vcxproj", "{B69BAABE-F127-3045-8CCA-D4D95F4CA633}"
	ProjectSection(ProjectDependencies) = postProject
		{DFC84339-D50D-3AFE-B5E1-BDE7F4B480AE} = {DFC84339-D50D-3AFE-B5E1-BDE7F4B480AE}
		{40922B91-5C41-32FC-A187-CF21C8561179} = {40922B91-5C41-32FC-A187-CF21C8561179}
		{7C453936-AAAE-3C39-9527-2B6A3394BA4F} = {7C453936-AAAE-3C39-9527-2B6A3394BA4F}
		{652ADE37-9F81-3D54-B1C6-D9D105EBB3B6} = {652ADE37-9F81-3D54-B1C6-D9D105EBB3B6}
		{E4A1873F-C254-32FD-9CBD-08BFEA72C24F} = {E4A1873F-C254-32FD-9CBD-08BFEA72C24F}
		{EE5E83D5-8583-39AC-9EBF-E68AEDB44611} = {EE5E83D5-8583-39AC-9EBF-E68AEDB44611}
		{5E7BBC02-6FA1-3255-80DF-3936DEB0C490} = {5E7BBC02-6FA1-3255-80DF-3936DEB0C490}
		{96701208-B13F-301D-9D44-316108BA1CD6} = {96701208-B13F-301D-9D44-316108BA1CD6}
		{0AF47D69-FC0D-3C00-A9B3-128C114E6396} = {0AF47D69-FC0D-3C00-A9B3-128C114E6396}
		{58AE7A30-338E-3790-BE94-CF1D22040C86} = {58AE7A30-338E-3790-BE94-CF1D22040C86}
		{8DB5554D-10C2-3479-A5B1-AC93612C5C48} = {8DB5554D-10C2-3479-A5B1-AC93612C5C48}
	EndProjectSection
EndProject
Global
	GlobalSection(SolutionConfigurationPlatforms) = preSolution
		Debug|Win32 = Debug|Win32
		Release|Win32 = Release|Win32
		MinSizeRel|Win32 = MinSizeRel|Win32
		RelWithDebInfo|Win32 = RelWithDebInfo|Win32
	EndGlobalSection
	GlobalSection(ProjectConfigurationPlatforms) = postSolution
		{F00F2CA8-A5CB-365A-BC0C-C2B903A1D11A}.Debug|Win32.ActiveCfg = Debug|Win32
		{F00F2CA8-A5CB-365A-BC0C-C2B903A1D11A}.Release|Win32.ActiveCfg = Release|Win32
		{F00F2CA8-A5CB-365A-BC0C-C2B903A1D11A}.MinSizeRel|Win32.ActiveCfg = MinSizeRel|Win32
		{F00F2CA8-A5CB-365A-BC0C-C2B903A1D11A}.RelWithDebInfo|Win32.ActiveCfg = RelWithDebInfo|Win32
		{2780A1EC-6652-3342-86EF-A744C199A073}.Debug|Win32.ActiveCfg = Debug|Win32
		{2780A1EC-6652-3342-86EF-A744C199A073}.Debug|Win32.Build.0 = Debug|Win32
		{2780A1EC-6652-3342-86EF-A744C199A073}.Release|Win32.ActiveCfg = Release|Win32
		{2780A1EC-6652-3342-86EF-A744C199A073}.Release|Win32.Build.0 = Release|Win32
		{2780A1EC-6652-3342-86EF-A744C199A073}.MinSizeRel|Win32.ActiveCfg = MinSizeRel|Win32
		{2780A1EC-6652-3342-86EF-A744C199A073}.MinSizeRel|Win32.Build.0 = MinSizeRel|Win32
		{2780A1EC-6652-3342-86EF-A744C199A073}.RelWithDebInfo|Win32.ActiveCfg = RelWithDebInfo|Win32
		{2780A1EC-6652-3342-86EF-A744C199A073}.RelWithDebInfo|Win32.Build.0 = RelWithDebInfo|Win32
		{F69FB4D8-C0E1-33F6-8892-93DBBA5ED0EB}.Debug|Win32.ActiveCfg = Debug|Win32
		{F69FB4D8-C0E1-33F6-8892-93DBBA5ED0EB}.Debug|Win32.Build.0 = Debug|Win32
		{F69FB4D8-C0E1-33F6-8892-93DBBA5ED0EB}.Release|Win32.ActiveCfg = Release|Win32
		{F69FB4D8-C0E1-33F6-8892-93DBBA5ED0EB}.Release|Win32.Build.0 = Release|Win32
		{F69FB4D8-C0E1-33F6-8892-93DBBA5ED0EB}.MinSizeRel|Win32.ActiveCfg = MinSizeRel|Win32
		{F69FB4D8-C0E1-33F6-8892-93DBBA5ED0EB}.MinSizeRel|Win32.Build.0 = MinSizeRel|Win32
		{F69FB4D8-C0E1-33F6-8892-93DBBA5ED0EB}.RelWithDebInfo|Win32.ActiveCfg = RelWithDebInfo|Win32
		{F69FB4D8-C0E1-33F6-8892-93DBBA5ED0EB}.RelWithDebInfo|Win32.Build.0 = RelWithDebInfo|Win32
		{DFC84339-D50D-3AFE-B5E1-BDE7F4B480AE}.Debug|Win32.ActiveCfg = Debug|Win32
		{DFC84339-D50D-3AFE-B5E1-BDE7F4B480AE}.Debug|Win32.Build.0 = Debug|Win32
		{DFC84339-D50D-3AFE-B5E1-BDE7F4B480AE}.Release|Win32.ActiveCfg = Release|Win32
		{DFC84339-D50D-3AFE-B5E1-BDE7F4B480AE}.Release|Win32.Build.0 = Release|Win32
		{DFC84339-D50D-3AFE-B5E1-BDE7F4B480AE}.MinSizeRel|Win32.ActiveCfg = MinSizeRel|Win32
		{DFC84339-D50D-3AFE-B5E1-BDE7F4B480AE}.MinSizeRel|Win32.Build.0 = MinSizeRel|Win32
		{DFC84339-D50D-3AFE-B5E1-BDE7F4B480AE}.RelWithDebInfo|Win32.ActiveCfg = RelWithDebInfo|Win32
		{DFC84339-D50D-3AFE-B5E1-BDE7F4B480AE}.RelWithDebInfo|Win32.Build.0 = RelWithDebInfo|Win32
		{54E7CA35-71D9-37AD-93F2-718EA4295D4B}.Debug|Win32.ActiveCfg = Debug|Win32
		{54E7CA35-71D9-37AD-93F2-718EA4295D4B}.Debug|Win32.Build.0 = Debug|Win32
		{54E7CA35-71D9-37AD-93F2-718EA4295D4B}.Release|Win32.ActiveCfg = Release|Win32
		{54E7CA35-71D9-37AD-93F2-718EA4295D4B}.Release|Win32.Build.0 = Release|Win32
		{54E7CA35-71D9-37AD-93F2-718EA4295D4B}.MinSizeRel|Win32.ActiveCfg = MinSizeRel|Win32
		{54E7CA35-71D9-37AD-93F2-718EA4295D4B}.MinSizeRel|Win32.Build.0 = MinSizeRel|Win32
		{54E7CA35-71D9-37AD-93F2-718EA4295D4B}.RelWithDebInfo|Win32.ActiveCfg = RelWithDebInfo|Win32
		{54E7CA35-71D9-37AD-93F2-718EA4295D4B}.RelWithDebInfo|Win32.Build.0 = RelWithDebInfo|Win32
		{40922B91-5C41-32FC-A187-CF21C8561179}.Debug|Win32.ActiveCfg = Debug|Win32
		{40922B91-5C41-32FC-A187-CF21C8561179}.Debug|Win32.Build.0 = Debug|Win32
		{40922B91-5C41-32FC-A187-CF21C8561179}.Release|Win32.ActiveCfg = Release|Win32
		{40922B91-5C41-32FC-A187-CF21C8561179}.Release|Win32.Build.0 = Release|Win32
		{40922B91-5C41-32FC-A187-CF21C8561179}.MinSizeRel|Win32.ActiveCfg = MinSizeRel|Win32
		{40922B91-5C41-32FC-A187-CF21C8561179}.MinSizeRel|Win32.Build.0 = MinSizeRel|Win32
		{40922B91-5C41-32FC-A187-CF21C8561179}.RelWithDebInfo|Win32.ActiveCfg = RelWithDebInfo|Win32
		{40922B91-5C41-32FC-A187-CF21C8561179}.RelWithDebInfo|Win32.Build.0 = RelWithDebInfo|Win32
		{7C453936-AAAE-3C39-9527-2B6A3394BA4F}.Debug|Win32.ActiveCfg = Debug|Win32
		{7C453936-AAAE-3C39-9527-2B6A3394BA4F}.Debug|Win32.Build.0 = Debug|Win32
		{7C453936-AAAE-3C39-9527-2B6A3394BA4F}.Release|Win32.ActiveCfg = Release|Win32
		{7C453936-AAAE-3C39-9527-2B6A3394BA4F}.Release|Win32.Build.0 = Release|Win32
		{7C453936-AAAE-3C39-9527-2B6A3394BA4F}.MinSizeRel|Win32.ActiveCfg = MinSizeRel|Win32
		{7C453936-AAAE-3C39-9527-2B6A3394BA4F}.MinSizeRel|Win32.Build.0 = MinSizeRel|Win32
		{7C453936-AAAE-3C39-9527-2B6A3394BA4F}.RelWithDebInfo|Win32.ActiveCfg = RelWithDebInfo|Win32
		{7C453936-AAAE-3C39-9527-2B6A3394BA4F}.RelWithDebInfo|Win32.Build.0 = RelWithDebInfo|Win32
		{652ADE37-9F81-3D54-B1C6-D9D105EBB3B6}.Debug|Win32.ActiveCfg = Debug|Win32
		{652ADE37-9F81-3D54-B1C6-D9D105EBB3B6}.Debug|Win32.Build.0 = Debug|Win32
		{652ADE37-9F81-3D54-B1C6-D9D105EBB3B6}.Release|Win32.ActiveCfg = Release|Win32
		{652ADE37-9F81-3D54-B1C6-D9D105EBB3B6}.Release|Win32.Build.0 = Release|Win32
		{652ADE37-9F81-3D54-B1C6-D9D105EBB3B6}.MinSizeRel|Win32.ActiveCfg = MinSizeRel|Win32
		{652ADE37-9F81-3D54-B1C6-D9D105EBB3B6}.MinSizeRel|Win32.Build.0 = MinSizeRel|Win32
		{652ADE37-9F81-3D54-B1C6-D9D105EBB3B6}.RelWithDebInfo|Win32.ActiveCfg = RelWithDebInfo|Win32
		{652ADE37-9F81-3D54-B1C6-D9D105EBB3B6}.RelWithDebInfo|Win32.Build.0 = RelWithDebInfo|Win32
		{E4A1873F-C254-32FD-9CBD-08BFEA72C24F}.Debug|Win32.ActiveCfg = Debug|Win32
		{E4A1873F-C254-32FD-9CBD-08BFEA72C24F}.Debug|Win32.Build.0 = Debug|Win32
		{E4A1873F-C254-32FD-9CBD-08BFEA72C24F}.Release|Win32.ActiveCfg = Release|Win32
		{E4A1873F-C254-32FD-9CBD-08BFEA72C24F}.Release|Win32.Build.0 = Release|Win32
		{E4A1873F-C254-32FD-9CBD-08BFEA72C24F}.MinSizeRel|Win32.ActiveCfg = MinSizeRel|Win32
		{E4A1873F-C254-32FD-9CBD-08BFEA72C24F}.MinSizeRel|Win32.Build.0 = MinSizeRel|Win32
		{E4A1873F-C254-32FD-9CBD-08BFEA72C24F}.RelWithDebInfo|Win32.ActiveCfg = RelWithDebInfo|Win32
		{E4A1873F-C254-32FD-9CBD-08BFEA72C24F}.RelWithDebInfo|Win32.Build.0 = RelWithDebInfo|Win32
		{EE5E83D5-8583-39AC-9EBF-E68AEDB44611}.Debug|Win32.ActiveCfg = Debug|Win32
		{EE5E83D5-8583-39AC-9EBF-E68AEDB44611}.Debug|Win32.Build.0 = Debug|Win32
		{EE5E83D5-8583-39AC-9EBF-E68AEDB44611}.Release|Win32.ActiveCfg = Release|Win32
		{EE5E83D5-8583-39AC-9EBF-E68AEDB44611}.Release|Win32.Build.0 = Release|Win32
		{EE5E83D5-8583-39AC-9EBF-E68AEDB44611}.MinSizeRel|Win32.ActiveCfg = MinSizeRel|Win32
		{EE5E83D5-8583-39AC-9EBF-E68AEDB44611}.MinSizeRel|Win32.Build.0 = MinSizeRel|Win32
		{EE5E83D5-8583-39AC-9EBF-E68AEDB44611}.RelWithDebInfo|Win32.ActiveCfg = RelWithDebInfo|Win32
		{EE5E83D5-8583-39AC-9EBF-E68AEDB44611}.RelWithDebInfo|Win32.Build.0 = RelWithDebInfo|Win32
		{5E7BBC02-6FA1-3255-80DF-3936DEB0C490}.Debug|Win32.ActiveCfg = Debug|Win32
		{5E7BBC02-6FA1-3255-80DF-3936DEB0C490}.Debug|Win32.Build.0 = Debug|Win32
		{5E7BBC02-6FA1-3255-80DF-3936DEB0C490}.Release|Win32.ActiveCfg = Release|Win32
		{5E7BBC02-6FA1-3255-80DF-3936DEB0C490}.Release|Win32.Build.0 = Release|Win32
		{5E7BBC02-6FA1-3255-80DF-3936DEB0C490}.MinSizeRel|Win32.ActiveCfg = MinSizeRel|Win32
		{5E7BBC02-6FA1-3255-80DF-3936DEB0C490}.MinSizeRel|Win32.Build.0 = MinSizeRel|Win32
		{5E7BBC02-6FA1-3255-80DF-3936DEB0C490}.RelWithDebInfo|Win32.ActiveCfg = RelWithDebInfo|Win32
		{5E7BBC02-6FA1-3255-80DF-3936DEB0C490}.RelWithDebInfo|Win32.Build.0 = RelWithDebInfo|Win32
		{96701208-B13F-301D-9D44-316108BA1CD6}.Debug|Win32.ActiveCfg = Debug|Win32
		{96701208-B13F-301D-9D44-316108BA1CD6}.Debug|Win32.Build.0 = Debug|Win32
		{96701208-B13F-301D-9D44-316108BA1CD6}.Release|Win32.ActiveCfg = Release|Win32
		{96701208-B13F-301D-9D44-316108BA1CD6}.Release|Win32.Build.0 = Release|Win32
		{96701208-B13F-301D-9D44-316108BA1CD6}.MinSizeRel|Win32.ActiveCfg = MinSizeRel|Win32
		{96701208-B13F-301D-9D44-316108BA1CD6}.MinSizeRel|Win32.Build.0 = MinSizeRel|Win32
		{96701208-B13F-301D-9D44-316108BA1CD6}.RelWithDebInfo|Win32.ActiveCfg = RelWithDebInfo|Win32
		{96701208-B13F-301D-9D44-316108BA1CD6}.RelWithDebInfo|Win32.Build.0 = RelWithDebInfo|Win32
		{0AF47D69-FC0D-3C00-A9B3-128C114E6396}.Debug|Win32.ActiveCfg = Debug|Win32
		{0AF47D69-FC0D-3C00-A9B3-128C114E6396}.Debug|Win32.Build.0 = Debug|Win32
		{0AF47D69-FC0D-3C00-A9B3-128C114E6396}.Release|Win32.ActiveCfg = Release|Win32
		{0AF47D69-FC0D-3C00-A9B3-128C114E6396}.Release|Win32.Build.0 = Release|Win32
		{0AF47D69-FC0D-3C00-A9B3-128C114E6396}.MinSizeRel|Win32.ActiveCfg = MinSizeRel|Win32
		{0AF47D69-FC0D-3C00-A9B3-128C114E6396}.MinSizeRel|Win32.Build.0 = MinSizeRel|Win32
		{0AF47D69-FC0D-3C00-A9B3-128C114E6396}.RelWithDebInfo|Win32.ActiveCfg = RelWithDebInfo|Win32
		{0AF47D69-FC0D-3C00-A9B3-128C114E6396}.RelWithDebInfo|Win32.Build.0 = RelWithDebInfo|Win32
		{58AE7A30-338E-3790-BE94-CF1D22040C86}.Debug|Win32.ActiveCfg = Debug|Win32
		{58AE7A30-338E-3790-BE94-CF1D22040C86}.Debug|Win32.Build.0 = Debug|Win32
		{58AE7A30-338E-3790-BE94-CF1D22040C86}.Release|Win32.ActiveCfg = Release|Win32
		{58AE7A30-338E-3790-BE94-CF1D22040C86}.Release|Win32.Build.0 = Release|Win32
		{58AE7A30-338E-3790-BE94-CF1D22040C86}.MinSizeRel|Win32.ActiveCfg = MinSizeRel|Win32
		{58AE7A30-338E-3790-BE94-CF1D22040C86}.MinSizeRel|Win32.Build.0 = MinSizeRel|Win32
		{58AE7A30-338E-3790-BE94-CF1D22040C86}.RelWithDebInfo|Win32.ActiveCfg = RelWithDebInfo|Win32
		{58AE7A30-338E-3790-BE94-CF1D22040C86}.RelWithDebInfo|Win32.Build.0 = RelWithDebInfo|Win32
		{8DB5554D-10C2-3479-A5B1-AC93612C5C48}.Debug|Win32.ActiveCfg = Debug|Win32
		{8DB5554D-10C2-3479-A5B1-AC93612C5C48}.Debug|Win32.Build.0 = Debug|Win32
		{8DB5554D-10C2-3479-A5B1-AC93612C5C48}.Release|Win32.ActiveCfg = Release|Win32
		{8DB5554D-10C2-3479-A5B1-AC93612C5C48}.Release|Win32.Build.0 = Release|Win32
		{8DB5554D-10C2-3479-A5B1-AC93612C5C48}.MinSizeRel|Win32.ActiveCfg = MinSizeRel|Win32
		{8DB5554D-10C2-3479-A5B1-AC93612C5C48}.MinSizeRel|Win32.Build.0 = MinSizeRel|Win32
		{8DB5554D-10C2-3479-A5B1-AC93612C5C48}.RelWithDebInfo|Win32.ActiveCfg = RelWithDebInfo|Win32
		{8DB5554D-10C2-3479-A5B1-AC93612C5C48}.RelWithDebInfo|Win32.Build.0 = RelWithDebInfo|Win32
		{B69BAABE-F127-3045-8CCA-D4D95F4CA633}.Debug|Win32.ActiveCfg = Debug|Win32
		{B69BAABE-F127-3045-8CCA-D4D95F4CA633}.Debug|Win32.Build.0 = Debug|Win32
		{B69BAABE-F127-3045-8CCA-D4D95F4CA633}.Release|Win32.ActiveCfg = Release|Win32
		{B69BAABE-F127-3045-8CCA-D4D95F4CA633}.Release|Win32.Build.0 = Release|Win32
		{B69BAABE-F127-3045-8CCA-D4D95F4CA633}.MinSizeRel|Win32.ActiveCfg = MinSizeRel|Win32
		{B69BAABE-F127-3045-8CCA-D4D95F4CA633}.MinSizeRel|Win32.Build.0 = MinSizeRel|Win32
		{B69BAABE-F127-3045-8CCA-D4D95F4CA633}.RelWithDebInfo|Win32.ActiveCfg = RelWithDebInfo|Win32
		{B69BAABE-F127-3045-8CCA-D4D95F4CA633}.RelWithDebInfo|Win32.Build.0 = RelWithDebInfo|Win32
	EndGlobalSection
	GlobalSection(NestedProjects) = preSolution
		{F00F2CA8-A5CB-365A-BC0C-C2B903A1D11A} = {319B1CFF-260C-37C6-9298-88E732C211AF}
		{DFC84339-D50D-3AFE-B5E1-BDE7F4B480AE} = {319B1CFF-260C-37C6-9298-88E732C211AF}
		{40922B91-5C41-32FC-A187-CF21C8561179} = {E909933D-79C4-3127-81FC-FDB14F5DBB3B}
		{7C453936-AAAE-3C39-9527-2B6A3394BA4F} = {E909933D-79C4-3127-81FC-FDB14F5DBB3B}
		{652ADE37-9F81-3D54-B1C6-D9D105EBB3B6} = {E909933D-79C4-3127-81FC-FDB14F5DBB3B}
		{E4A1873F-C254-32FD-9CBD-08BFEA72C24F} = {E909933D-79C4-3127-81FC-FDB14F5DBB3B}
		{EE5E83D5-8583-39AC-9EBF-E68AEDB44611} = {E909933D-79C4-3127-81FC-FDB14F5DBB3B}
		{5E7BBC02-6FA1-3255-80DF-3936DEB0C490} = {E909933D-79C4-3127-81FC-FDB14F5DBB3B}
		{96701208-B13F-301D-9D44-316108BA1CD6} = {E909933D-79C4-3127-81FC-FDB14F5DBB3B}
		{0AF47D69-FC0D-3C00-A9B3-128C114E6396} = {E909933D-79C4-3127-81FC-FDB14F5DBB3B}
		{58AE7A30-338E-3790-BE94-CF1D22040C86} = {E909933D-79C4-3127-81FC-FDB14F5DBB3B}
		{8DB5554D-10C2-3479-A5B1-AC93612C5C48} = {E909933D-79C4-3127-81FC-FDB14F5DBB3B}
		{B69BAABE-F127-3045-8CCA-D4D95F4CA633} = {E909933D-79C4-3127-81FC-FDB14F5DBB3B}
		{54E7CA35-71D9-37AD-93F2-718EA4295D4B} = {8E3F1324-D44F-3406-89AF-3FA9C12ECDA1}
		{F69FB4D8-C0E1-33F6-8892-93DBBA5ED0EB} = {9F50A516-F9F7-34D5-A3E2-05840DC76EAA}
	EndGlobalSection
	GlobalSection(ExtensibilityGlobals) = postSolution
		SolutionGuid = {E45C3C10-EE73-3746-97F4-0EB4F41DCECF}
	EndGlobalSection
	GlobalSection(ExtensibilityAddIns) = postSolution
	EndGlobalSection
EndGlobal
